// !$*UTF8*$!
{
	archiveVersion = 1;
	classes = {
	};
	objectVersion = 50;
	objects = {

/* Begin PBXBuildFile section */
		950AC92A2147C582004967AE /* OTPAutomationTests.m in Sources */ = {isa = PBXBuildFile; fileRef = 958439BB211C59D800985F6B /* OTPAutomationTests.m */; };
		950AC92B2147C586004967AE /* U2FAutomationTests.m in Sources */ = {isa = PBXBuildFile; fileRef = 95A46FCB20E120F80096B7A1 /* U2FAutomationTests.m */; };
		950AC92C2147C58B004967AE /* KeyConnectionAutomationTests.m in Sources */ = {isa = PBXBuildFile; fileRef = 95FF5E4820DA4413003CCA16 /* KeyConnectionAutomationTests.m */; };
		9520F9E821B574470072CD01 /* RawCommandAutomationTests.m in Sources */ = {isa = PBXBuildFile; fileRef = 9520F9E721B574470072CD01 /* RawCommandAutomationTests.m */; };
		95474CAB20DA52090016A2AE /* libYubiKit.a in Frameworks */ = {isa = PBXBuildFile; fileRef = 956884FF20AC424F00E0F72C /* libYubiKit.a */; };
		95474CB020DA6EA30016A2AE /* AutomationTest.m in Sources */ = {isa = PBXBuildFile; fileRef = 95474CAF20DA6EA30016A2AE /* AutomationTest.m */; };
		95474CB320DA89F00016A2AE /* Logs.storyboard in Resources */ = {isa = PBXBuildFile; fileRef = 95474CB220DA89F00016A2AE /* Logs.storyboard */; };
		956124F22121D51D00733BB5 /* ModeSwitchingStressTests.m in Sources */ = {isa = PBXBuildFile; fileRef = 956124F12121D51D00733BB5 /* ModeSwitchingStressTests.m */; };
		956124F62122CF1F00733BB5 /* U2FDataParser.m in Sources */ = {isa = PBXBuildFile; fileRef = 956124F52122CF1F00733BB5 /* U2FDataParser.m */; };
		956884E220AB289C00E0F72C /* AppDelegate.m in Sources */ = {isa = PBXBuildFile; fileRef = 956884E120AB289C00E0F72C /* AppDelegate.m */; };
		956884E520AB289C00E0F72C /* TestListViewController.m in Sources */ = {isa = PBXBuildFile; fileRef = 956884E420AB289C00E0F72C /* TestListViewController.m */; };
		956884E820AB289C00E0F72C /* Main.storyboard in Resources */ = {isa = PBXBuildFile; fileRef = 956884E620AB289C00E0F72C /* Main.storyboard */; };
		956884EA20AB289D00E0F72C /* Assets.xcassets in Resources */ = {isa = PBXBuildFile; fileRef = 956884E920AB289D00E0F72C /* Assets.xcassets */; };
		956884ED20AB289D00E0F72C /* LaunchScreen.storyboard in Resources */ = {isa = PBXBuildFile; fileRef = 956884EB20AB289D00E0F72C /* LaunchScreen.storyboard */; };
		956884F020AB289D00E0F72C /* main.m in Sources */ = {isa = PBXBuildFile; fileRef = 956884EF20AB289D00E0F72C /* main.m */; };
		956884FA20AC263100E0F72C /* TestDataSource.m in Sources */ = {isa = PBXBuildFile; fileRef = 956884F920AC263100E0F72C /* TestDataSource.m */; };
		956884FD20AC400200E0F72C /* LoggingViewController.m in Sources */ = {isa = PBXBuildFile; fileRef = 956884FC20AC400200E0F72C /* LoggingViewController.m */; };
		9568850020AC424F00E0F72C /* libYubiKit.a in Frameworks */ = {isa = PBXBuildFile; fileRef = 956884FF20AC424F00E0F72C /* libYubiKit.a */; };
		957D869721B80CC7004ABF86 /* PCSCAutomationTests.m in Sources */ = {isa = PBXBuildFile; fileRef = 957D869621B80CC7004ABF86 /* PCSCAutomationTests.m */; };
		9582814E22F457E70096A9C2 /* TouchAutomationTests.m in Sources */ = {isa = PBXBuildFile; fileRef = 9582814D22F457E70096A9C2 /* TouchAutomationTests.m */; };
		958439B7211C2EC500985F6B /* OTPValidationWebService.m in Sources */ = {isa = PBXBuildFile; fileRef = 958439B6211C2EC500985F6B /* OTPValidationWebService.m */; };
		958439BA211C3A2200985F6B /* OTPValidationWebServiceResponse.m in Sources */ = {isa = PBXBuildFile; fileRef = 958439B9211C3A2200985F6B /* OTPValidationWebServiceResponse.m */; };
		958DCCDC20B6ADA7004244B2 /* GnubbyManualTests.m in Sources */ = {isa = PBXBuildFile; fileRef = 958DCCDB20B6ADA7004244B2 /* GnubbyManualTests.m */; };
		958DCCDF20B6B0A4004244B2 /* ManualTestsViewController.m in Sources */ = {isa = PBXBuildFile; fileRef = 958DCCDE20B6B0A4004244B2 /* ManualTestsViewController.m */; };
		958DCCE220B6B1A4004244B2 /* GnubbyManualTestsViewController.m in Sources */ = {isa = PBXBuildFile; fileRef = 958DCCE120B6B1A4004244B2 /* GnubbyManualTestsViewController.m */; };
		958DCCE620B6BBDE004244B2 /* GnubbySelectU2FApplicationAPDU.m in Sources */ = {isa = PBXBuildFile; fileRef = 958DCCE520B6BBDE004244B2 /* GnubbySelectU2FApplicationAPDU.m */; };
		958DDB65211C61060064A50F /* TestDataGenerator.m in Sources */ = {isa = PBXBuildFile; fileRef = 95A6C92B20ADC0AE004F43CC /* TestDataGenerator.m */; };
		958DDB66211C61160064A50F /* KeyCommandResponseParser.m in Sources */ = {isa = PBXBuildFile; fileRef = 95352F4220F4D49C0014D6DC /* KeyCommandResponseParser.m */; };
		958DDB69211C65AF0064A50F /* OTPUIResponder.m in Sources */ = {isa = PBXBuildFile; fileRef = 958DDB68211C65AF0064A50F /* OTPUIResponder.m */; };
		95951A4920AC771F0055C594 /* ManualTests.m in Sources */ = {isa = PBXBuildFile; fileRef = 95951A4820AC771F0055C594 /* ManualTests.m */; };
		95A6C92820ADB794004F43CC /* TestSharedLogger.m in Sources */ = {isa = PBXBuildFile; fileRef = 95A6C92720ADB794004F43CC /* TestSharedLogger.m */; };
		95D065E420DA95FD0051A488 /* AppStateController.m in Sources */ = {isa = PBXBuildFile; fileRef = 95D065E320DA95FD0051A488 /* AppStateController.m */; };
		95DE3F5522F02F5E00EA382C /* moly.sh in Resources */ = {isa = PBXBuildFile; fileRef = 95DE3F5422F02F5E00EA382C /* moly.sh */; };
		95F76E4620DBB72A00011942 /* Configuration.m in Sources */ = {isa = PBXBuildFile; fileRef = 95F76E4420DBB6CE00011942 /* Configuration.m */; };
		95FB3C7C218328D900B92A6A /* OATHAutomationTests.m in Sources */ = {isa = PBXBuildFile; fileRef = 95FB3C7B218328D900B92A6A /* OATHAutomationTests.m */; };
		95FF5E5020DA46AC003CCA16 /* MOYService.m in Sources */ = {isa = PBXBuildFile; fileRef = 957BA59020D8ECC20028219B /* MOYService.m */; };
/* End PBXBuildFile section */

/* Begin PBXContainerItemProxy section */
		95FF5E4B20DA4413003CCA16 /* PBXContainerItemProxy */ = {
			isa = PBXContainerItemProxy;
			containerPortal = 956884D520AB289C00E0F72C /* Project object */;
			proxyType = 1;
			remoteGlobalIDString = 956884DC20AB289C00E0F72C;
			remoteInfo = YubiKitFullStackManualTests;
		};
/* End PBXContainerItemProxy section */

/* Begin PBXFileReference section */
		9520F9E721B574470072CD01 /* RawCommandAutomationTests.m */ = {isa = PBXFileReference; lastKnownFileType = sourcecode.c.objc; path = RawCommandAutomationTests.m; sourceTree = "<group>"; };
		95352F4120F4D49C0014D6DC /* KeyCommandResponseParser.h */ = {isa = PBXFileReference; lastKnownFileType = sourcecode.c.h; path = KeyCommandResponseParser.h; sourceTree = "<group>"; };
		95352F4220F4D49C0014D6DC /* KeyCommandResponseParser.m */ = {isa = PBXFileReference; lastKnownFileType = sourcecode.c.objc; path = KeyCommandResponseParser.m; sourceTree = "<group>"; };
		95474CAE20DA6EA30016A2AE /* AutomationTest.h */ = {isa = PBXFileReference; lastKnownFileType = sourcecode.c.h; path = AutomationTest.h; sourceTree = "<group>"; };
		95474CAF20DA6EA30016A2AE /* AutomationTest.m */ = {isa = PBXFileReference; lastKnownFileType = sourcecode.c.objc; path = AutomationTest.m; sourceTree = "<group>"; };
		95474CB220DA89F00016A2AE /* Logs.storyboard */ = {isa = PBXFileReference; lastKnownFileType = file.storyboard; path = Logs.storyboard; sourceTree = "<group>"; };
		956124F12121D51D00733BB5 /* ModeSwitchingStressTests.m */ = {isa = PBXFileReference; lastKnownFileType = sourcecode.c.objc; path = ModeSwitchingStressTests.m; sourceTree = "<group>"; };
		956124F42122CF1F00733BB5 /* U2FDataParser.h */ = {isa = PBXFileReference; lastKnownFileType = sourcecode.c.h; path = U2FDataParser.h; sourceTree = "<group>"; };
		956124F52122CF1F00733BB5 /* U2FDataParser.m */ = {isa = PBXFileReference; lastKnownFileType = sourcecode.c.objc; path = U2FDataParser.m; sourceTree = "<group>"; };
		956884DD20AB289C00E0F72C /* YubiKitFullStackManualTests.app */ = {isa = PBXFileReference; explicitFileType = wrapper.application; includeInIndex = 0; path = YubiKitFullStackManualTests.app; sourceTree = BUILT_PRODUCTS_DIR; };
		956884E020AB289C00E0F72C /* AppDelegate.h */ = {isa = PBXFileReference; lastKnownFileType = sourcecode.c.h; path = AppDelegate.h; sourceTree = "<group>"; };
		956884E120AB289C00E0F72C /* AppDelegate.m */ = {isa = PBXFileReference; lastKnownFileType = sourcecode.c.objc; path = AppDelegate.m; sourceTree = "<group>"; };
		956884E320AB289C00E0F72C /* TestListViewController.h */ = {isa = PBXFileReference; lastKnownFileType = sourcecode.c.h; path = TestListViewController.h; sourceTree = "<group>"; };
		956884E420AB289C00E0F72C /* TestListViewController.m */ = {isa = PBXFileReference; lastKnownFileType = sourcecode.c.objc; path = TestListViewController.m; sourceTree = "<group>"; };
		956884E720AB289C00E0F72C /* Base */ = {isa = PBXFileReference; lastKnownFileType = file.storyboard; name = Base; path = Base.lproj/Main.storyboard; sourceTree = "<group>"; };
		956884E920AB289D00E0F72C /* Assets.xcassets */ = {isa = PBXFileReference; lastKnownFileType = folder.assetcatalog; path = Assets.xcassets; sourceTree = "<group>"; };
		956884EC20AB289D00E0F72C /* Base */ = {isa = PBXFileReference; lastKnownFileType = file.storyboard; name = Base; path = Base.lproj/LaunchScreen.storyboard; sourceTree = "<group>"; };
		956884EE20AB289D00E0F72C /* Info.plist */ = {isa = PBXFileReference; lastKnownFileType = text.plist.xml; path = Info.plist; sourceTree = "<group>"; };
		956884EF20AB289D00E0F72C /* main.m */ = {isa = PBXFileReference; lastKnownFileType = sourcecode.c.objc; path = main.m; sourceTree = "<group>"; };
		956884F820AC263100E0F72C /* TestDataSource.h */ = {isa = PBXFileReference; lastKnownFileType = sourcecode.c.h; path = TestDataSource.h; sourceTree = "<group>"; };
		956884F920AC263100E0F72C /* TestDataSource.m */ = {isa = PBXFileReference; lastKnownFileType = sourcecode.c.objc; path = TestDataSource.m; sourceTree = "<group>"; };
		956884FB20AC400200E0F72C /* LoggingViewController.h */ = {isa = PBXFileReference; lastKnownFileType = sourcecode.c.h; path = LoggingViewController.h; sourceTree = "<group>"; };
		956884FC20AC400200E0F72C /* LoggingViewController.m */ = {isa = PBXFileReference; lastKnownFileType = sourcecode.c.objc; path = LoggingViewController.m; sourceTree = "<group>"; };
		956884FF20AC424F00E0F72C /* libYubiKit.a */ = {isa = PBXFileReference; explicitFileType = archive.ar; path = libYubiKit.a; sourceTree = BUILT_PRODUCTS_DIR; };
		957BA58F20D8ECC20028219B /* MoLYService.h */ = {isa = PBXFileReference; lastKnownFileType = sourcecode.c.h; path = MoLYService.h; sourceTree = "<group>"; };
		957BA59020D8ECC20028219B /* MOYService.m */ = {isa = PBXFileReference; lastKnownFileType = sourcecode.c.objc; path = MOYService.m; sourceTree = "<group>"; };
		957D869621B80CC7004ABF86 /* PCSCAutomationTests.m */ = {isa = PBXFileReference; lastKnownFileType = sourcecode.c.objc; path = PCSCAutomationTests.m; sourceTree = "<group>"; };
		9582814D22F457E70096A9C2 /* TouchAutomationTests.m */ = {isa = PBXFileReference; lastKnownFileType = sourcecode.c.objc; path = TouchAutomationTests.m; sourceTree = "<group>"; };
		958439B5211C2EC500985F6B /* OTPValidationWebService.h */ = {isa = PBXFileReference; lastKnownFileType = sourcecode.c.h; path = OTPValidationWebService.h; sourceTree = "<group>"; };
		958439B6211C2EC500985F6B /* OTPValidationWebService.m */ = {isa = PBXFileReference; lastKnownFileType = sourcecode.c.objc; path = OTPValidationWebService.m; sourceTree = "<group>"; };
		958439B8211C3A2200985F6B /* OTPValidationWebServiceResponse.h */ = {isa = PBXFileReference; lastKnownFileType = sourcecode.c.h; path = OTPValidationWebServiceResponse.h; sourceTree = "<group>"; };
		958439B9211C3A2200985F6B /* OTPValidationWebServiceResponse.m */ = {isa = PBXFileReference; lastKnownFileType = sourcecode.c.objc; path = OTPValidationWebServiceResponse.m; sourceTree = "<group>"; };
		958439BB211C59D800985F6B /* OTPAutomationTests.m */ = {isa = PBXFileReference; lastKnownFileType = sourcecode.c.objc; path = OTPAutomationTests.m; sourceTree = "<group>"; };
		958DCCDA20B6ADA7004244B2 /* GnubbyManualTests.h */ = {isa = PBXFileReference; lastKnownFileType = sourcecode.c.h; path = GnubbyManualTests.h; sourceTree = "<group>"; };
		958DCCDB20B6ADA7004244B2 /* GnubbyManualTests.m */ = {isa = PBXFileReference; lastKnownFileType = sourcecode.c.objc; path = GnubbyManualTests.m; sourceTree = "<group>"; };
		958DCCDD20B6B0A4004244B2 /* ManualTestsViewController.h */ = {isa = PBXFileReference; lastKnownFileType = sourcecode.c.h; path = ManualTestsViewController.h; sourceTree = "<group>"; };
		958DCCDE20B6B0A4004244B2 /* ManualTestsViewController.m */ = {isa = PBXFileReference; lastKnownFileType = sourcecode.c.objc; path = ManualTestsViewController.m; sourceTree = "<group>"; };
		958DCCE020B6B1A4004244B2 /* GnubbyManualTestsViewController.h */ = {isa = PBXFileReference; lastKnownFileType = sourcecode.c.h; path = GnubbyManualTestsViewController.h; sourceTree = "<group>"; };
		958DCCE120B6B1A4004244B2 /* GnubbyManualTestsViewController.m */ = {isa = PBXFileReference; lastKnownFileType = sourcecode.c.objc; path = GnubbyManualTestsViewController.m; sourceTree = "<group>"; };
		958DCCE420B6BBDE004244B2 /* GnubbySelectU2FApplicationAPDU.h */ = {isa = PBXFileReference; lastKnownFileType = sourcecode.c.h; path = GnubbySelectU2FApplicationAPDU.h; sourceTree = "<group>"; };
		958DCCE520B6BBDE004244B2 /* GnubbySelectU2FApplicationAPDU.m */ = {isa = PBXFileReference; lastKnownFileType = sourcecode.c.objc; path = GnubbySelectU2FApplicationAPDU.m; sourceTree = "<group>"; };
		958DDB67211C65AF0064A50F /* OTPUIResponder.h */ = {isa = PBXFileReference; lastKnownFileType = sourcecode.c.h; path = OTPUIResponder.h; sourceTree = "<group>"; };
		958DDB68211C65AF0064A50F /* OTPUIResponder.m */ = {isa = PBXFileReference; lastKnownFileType = sourcecode.c.objc; path = OTPUIResponder.m; sourceTree = "<group>"; };
		95951A4720AC771F0055C594 /* ManualTests.h */ = {isa = PBXFileReference; lastKnownFileType = sourcecode.c.h; path = ManualTests.h; sourceTree = "<group>"; };
		95951A4820AC771F0055C594 /* ManualTests.m */ = {isa = PBXFileReference; lastKnownFileType = sourcecode.c.objc; path = ManualTests.m; sourceTree = "<group>"; };
		95A46FCB20E120F80096B7A1 /* U2FAutomationTests.m */ = {isa = PBXFileReference; lastKnownFileType = sourcecode.c.objc; path = U2FAutomationTests.m; sourceTree = "<group>"; };
		95A6C92620ADB794004F43CC /* TestSharedLogger.h */ = {isa = PBXFileReference; lastKnownFileType = sourcecode.c.h; path = TestSharedLogger.h; sourceTree = "<group>"; };
		95A6C92720ADB794004F43CC /* TestSharedLogger.m */ = {isa = PBXFileReference; lastKnownFileType = sourcecode.c.objc; path = TestSharedLogger.m; sourceTree = "<group>"; };
		95A6C92A20ADC0AE004F43CC /* TestDataGenerator.h */ = {isa = PBXFileReference; lastKnownFileType = sourcecode.c.h; path = TestDataGenerator.h; sourceTree = "<group>"; };
		95A6C92B20ADC0AE004F43CC /* TestDataGenerator.m */ = {isa = PBXFileReference; lastKnownFileType = sourcecode.c.objc; path = TestDataGenerator.m; sourceTree = "<group>"; };
		95D065E220DA95FD0051A488 /* AppStateController.h */ = {isa = PBXFileReference; lastKnownFileType = sourcecode.c.h; path = AppStateController.h; sourceTree = "<group>"; };
		95D065E320DA95FD0051A488 /* AppStateController.m */ = {isa = PBXFileReference; lastKnownFileType = sourcecode.c.objc; path = AppStateController.m; sourceTree = "<group>"; };
		95DE3F5422F02F5E00EA382C /* moly.sh */ = {isa = PBXFileReference; fileEncoding = 4; lastKnownFileType = text.script.sh; path = moly.sh; sourceTree = "<group>"; };
		95F76E4320DBB6CE00011942 /* Configuration.h */ = {isa = PBXFileReference; lastKnownFileType = sourcecode.c.h; path = Configuration.h; sourceTree = "<group>"; };
		95F76E4420DBB6CE00011942 /* Configuration.m */ = {isa = PBXFileReference; lastKnownFileType = sourcecode.c.objc; path = Configuration.m; sourceTree = "<group>"; };
		95FB3C7B218328D900B92A6A /* OATHAutomationTests.m */ = {isa = PBXFileReference; lastKnownFileType = sourcecode.c.objc; path = OATHAutomationTests.m; sourceTree = "<group>"; };
		95FF5E4620DA4413003CCA16 /* YubiKitFullStackAutomationTests.xctest */ = {isa = PBXFileReference; explicitFileType = wrapper.cfbundle; includeInIndex = 0; path = YubiKitFullStackAutomationTests.xctest; sourceTree = BUILT_PRODUCTS_DIR; };
		95FF5E4820DA4413003CCA16 /* KeyConnectionAutomationTests.m */ = {isa = PBXFileReference; lastKnownFileType = sourcecode.c.objc; path = KeyConnectionAutomationTests.m; sourceTree = "<group>"; };
		95FF5E4A20DA4413003CCA16 /* Info.plist */ = {isa = PBXFileReference; lastKnownFileType = text.plist.xml; path = Info.plist; sourceTree = "<group>"; };
/* End PBXFileReference section */

/* Begin PBXFrameworksBuildPhase section */
		956884DA20AB289C00E0F72C /* Frameworks */ = {
			isa = PBXFrameworksBuildPhase;
			buildActionMask = 2147483647;
			files = (
				9568850020AC424F00E0F72C /* libYubiKit.a in Frameworks */,
			);
			runOnlyForDeploymentPostprocessing = 0;
		};
		95FF5E4320DA4413003CCA16 /* Frameworks */ = {
			isa = PBXFrameworksBuildPhase;
			buildActionMask = 2147483647;
			files = (
				95474CAB20DA52090016A2AE /* libYubiKit.a in Frameworks */,
			);
			runOnlyForDeploymentPostprocessing = 0;
		};
/* End PBXFrameworksBuildPhase section */

/* Begin PBXGroup section */
		95352F4020F4D4420014D6DC /* CommonModel */ = {
			isa = PBXGroup;
			children = (
				95A6C92A20ADC0AE004F43CC /* TestDataGenerator.h */,
				95A6C92B20ADC0AE004F43CC /* TestDataGenerator.m */,
				95352F4120F4D49C0014D6DC /* KeyCommandResponseParser.h */,
				95352F4220F4D49C0014D6DC /* KeyCommandResponseParser.m */,
			);
			path = CommonModel;
			sourceTree = "<group>";
		};
		95474CAA20DA51EC0016A2AE /* Tests */ = {
			isa = PBXGroup;
			children = (
				95FF5E4820DA4413003CCA16 /* KeyConnectionAutomationTests.m */,
				95A46FCB20E120F80096B7A1 /* U2FAutomationTests.m */,
				958439BB211C59D800985F6B /* OTPAutomationTests.m */,
				956124F12121D51D00733BB5 /* ModeSwitchingStressTests.m */,
				95FB3C7B218328D900B92A6A /* OATHAutomationTests.m */,
				9520F9E721B574470072CD01 /* RawCommandAutomationTests.m */,
				957D869621B80CC7004ABF86 /* PCSCAutomationTests.m */,
				9582814D22F457E70096A9C2 /* TouchAutomationTests.m */,
			);
			path = Tests;
			sourceTree = "<group>";
		};
		95474CB120DA880D0016A2AE /* Helpers */ = {
			isa = PBXGroup;
			children = (
				958439B4211C2E8B00985F6B /* OTPValidation */,
				957BA58E20D8EC840028219B /* MoLY */,
				95474CAE20DA6EA30016A2AE /* AutomationTest.h */,
				95474CAF20DA6EA30016A2AE /* AutomationTest.m */,
				956124F42122CF1F00733BB5 /* U2FDataParser.h */,
				956124F52122CF1F00733BB5 /* U2FDataParser.m */,
			);
			path = Helpers;
			sourceTree = "<group>";
		};
		956884D420AB289C00E0F72C = {
			isa = PBXGroup;
			children = (
				95DE3F5422F02F5E00EA382C /* moly.sh */,
				956884DF20AB289C00E0F72C /* YubiKitFullStackTests */,
				95FF5E4720DA4413003CCA16 /* YubiKitFullStackAutomationTests */,
				95352F4020F4D4420014D6DC /* CommonModel */,
				956884DE20AB289C00E0F72C /* Products */,
				956884FE20AC424F00E0F72C /* Frameworks */,
			);
			sourceTree = "<group>";
		};
		956884DE20AB289C00E0F72C /* Products */ = {
			isa = PBXGroup;
			children = (
				956884DD20AB289C00E0F72C /* YubiKitFullStackManualTests.app */,
				95FF5E4620DA4413003CCA16 /* YubiKitFullStackAutomationTests.xctest */,
			);
			name = Products;
			sourceTree = "<group>";
		};
		956884DF20AB289C00E0F72C /* YubiKitFullStackTests */ = {
			isa = PBXGroup;
			children = (
				956884EE20AB289D00E0F72C /* Info.plist */,
				956884EF20AB289D00E0F72C /* main.m */,
				956884E020AB289C00E0F72C /* AppDelegate.h */,
				956884E120AB289C00E0F72C /* AppDelegate.m */,
				95D065E220DA95FD0051A488 /* AppStateController.h */,
				95D065E320DA95FD0051A488 /* AppStateController.m */,
				95A6C92D20AEC3BB004F43CC /* ManualTests */,
				956884F720AC156800E0F72C /* UI */,
				956884F620AC153B00E0F72C /* Assets */,
			);
			path = YubiKitFullStackTests;
			sourceTree = "<group>";
		};
		956884F620AC153B00E0F72C /* Assets */ = {
			isa = PBXGroup;
			children = (
				956884E920AB289D00E0F72C /* Assets.xcassets */,
			);
			path = Assets;
			sourceTree = "<group>";
		};
		956884F720AC156800E0F72C /* UI */ = {
			isa = PBXGroup;
			children = (
				95951A4620AC762D0055C594 /* UI Model */,
				956884E620AB289C00E0F72C /* Main.storyboard */,
				956884EB20AB289D00E0F72C /* LaunchScreen.storyboard */,
				95474CB220DA89F00016A2AE /* Logs.storyboard */,
				956884E320AB289C00E0F72C /* TestListViewController.h */,
				956884E420AB289C00E0F72C /* TestListViewController.m */,
				958DCCDD20B6B0A4004244B2 /* ManualTestsViewController.h */,
				958DCCDE20B6B0A4004244B2 /* ManualTestsViewController.m */,
				958DCCE020B6B1A4004244B2 /* GnubbyManualTestsViewController.h */,
				958DCCE120B6B1A4004244B2 /* GnubbyManualTestsViewController.m */,
				956884FB20AC400200E0F72C /* LoggingViewController.h */,
				956884FC20AC400200E0F72C /* LoggingViewController.m */,
			);
			path = UI;
			sourceTree = "<group>";
		};
		956884FE20AC424F00E0F72C /* Frameworks */ = {
			isa = PBXGroup;
			children = (
				956884FF20AC424F00E0F72C /* libYubiKit.a */,
			);
			name = Frameworks;
			sourceTree = "<group>";
		};
		957BA58E20D8EC840028219B /* MoLY */ = {
			isa = PBXGroup;
			children = (
				957BA58F20D8ECC20028219B /* MoLYService.h */,
				957BA59020D8ECC20028219B /* MOYService.m */,
			);
			path = MoLY;
			sourceTree = "<group>";
		};
		958439B4211C2E8B00985F6B /* OTPValidation */ = {
			isa = PBXGroup;
			children = (
				958439B5211C2EC500985F6B /* OTPValidationWebService.h */,
				958439B6211C2EC500985F6B /* OTPValidationWebService.m */,
				958439B8211C3A2200985F6B /* OTPValidationWebServiceResponse.h */,
				958439B9211C3A2200985F6B /* OTPValidationWebServiceResponse.m */,
			);
			path = OTPValidation;
			sourceTree = "<group>";
		};
		958DCCE320B6BAC1004244B2 /* CustomAPDU */ = {
			isa = PBXGroup;
			children = (
				958DCCE420B6BBDE004244B2 /* GnubbySelectU2FApplicationAPDU.h */,
				958DCCE520B6BBDE004244B2 /* GnubbySelectU2FApplicationAPDU.m */,
			);
			path = CustomAPDU;
			sourceTree = "<group>";
		};
		95951A4620AC762D0055C594 /* UI Model */ = {
			isa = PBXGroup;
			children = (
				95F76E4320DBB6CE00011942 /* Configuration.h */,
				95F76E4420DBB6CE00011942 /* Configuration.m */,
				956884F820AC263100E0F72C /* TestDataSource.h */,
				956884F920AC263100E0F72C /* TestDataSource.m */,
				95A6C92620ADB794004F43CC /* TestSharedLogger.h */,
				95A6C92720ADB794004F43CC /* TestSharedLogger.m */,
				958DDB67211C65AF0064A50F /* OTPUIResponder.h */,
				958DDB68211C65AF0064A50F /* OTPUIResponder.m */,
			);
			path = "UI Model";
			sourceTree = "<group>";
		};
		95A6C92D20AEC3BB004F43CC /* ManualTests */ = {
			isa = PBXGroup;
			children = (
				95951A4720AC771F0055C594 /* ManualTests.h */,
				95951A4820AC771F0055C594 /* ManualTests.m */,
				958DCCDA20B6ADA7004244B2 /* GnubbyManualTests.h */,
				958DCCDB20B6ADA7004244B2 /* GnubbyManualTests.m */,
				958DCCE320B6BAC1004244B2 /* CustomAPDU */,
			);
			path = ManualTests;
			sourceTree = "<group>";
		};
		95FF5E4720DA4413003CCA16 /* YubiKitFullStackAutomationTests */ = {
			isa = PBXGroup;
			children = (
				95FF5E4A20DA4413003CCA16 /* Info.plist */,
				95474CAA20DA51EC0016A2AE /* Tests */,
				95474CB120DA880D0016A2AE /* Helpers */,
			);
			path = YubiKitFullStackAutomationTests;
			sourceTree = "<group>";
		};
/* End PBXGroup section */

/* Begin PBXNativeTarget section */
		956884DC20AB289C00E0F72C /* YubiKitFullStackManualTests */ = {
			isa = PBXNativeTarget;
			buildConfigurationList = 956884F320AB289D00E0F72C /* Build configuration list for PBXNativeTarget "YubiKitFullStackManualTests" */;
			buildPhases = (
				956884D920AB289C00E0F72C /* Sources */,
				956884DA20AB289C00E0F72C /* Frameworks */,
				956884DB20AB289C00E0F72C /* Resources */,
			);
			buildRules = (
			);
			dependencies = (
			);
			name = YubiKitFullStackManualTests;
			productName = YubiKitFullStackTests;
			productReference = 956884DD20AB289C00E0F72C /* YubiKitFullStackManualTests.app */;
			productType = "com.apple.product-type.application";
		};
		95FF5E4520DA4413003CCA16 /* YubiKitFullStackAutomationTests */ = {
			isa = PBXNativeTarget;
			buildConfigurationList = 95FF5E4D20DA4413003CCA16 /* Build configuration list for PBXNativeTarget "YubiKitFullStackAutomationTests" */;
			buildPhases = (
				95FF5E4220DA4413003CCA16 /* Sources */,
				95FF5E4320DA4413003CCA16 /* Frameworks */,
				95FF5E4420DA4413003CCA16 /* Resources */,
			);
			buildRules = (
			);
			dependencies = (
				95FF5E4C20DA4413003CCA16 /* PBXTargetDependency */,
			);
			name = YubiKitFullStackAutomationTests;
			productName = YubiKitFullStackAutomationTests;
			productReference = 95FF5E4620DA4413003CCA16 /* YubiKitFullStackAutomationTests.xctest */;
			productType = "com.apple.product-type.bundle.unit-test";
		};
/* End PBXNativeTarget section */

/* Begin PBXProject section */
		956884D520AB289C00E0F72C /* Project object */ = {
			isa = PBXProject;
			attributes = {
				LastUpgradeCheck = 0930;
				ORGANIZATIONNAME = Yubico;
				TargetAttributes = {
					956884DC20AB289C00E0F72C = {
						CreatedOnToolsVersion = 9.3.1;
					};
					95FF5E4520DA4413003CCA16 = {
						CreatedOnToolsVersion = 9.4.1;
						TestTargetID = 956884DC20AB289C00E0F72C;
					};
				};
			};
			buildConfigurationList = 956884D820AB289C00E0F72C /* Build configuration list for PBXProject "YubiKitFullStackTests" */;
			compatibilityVersion = "Xcode 9.3";
			developmentRegion = en;
			hasScannedForEncodings = 0;
			knownRegions = (
				en,
				Base,
			);
			mainGroup = 956884D420AB289C00E0F72C;
			productRefGroup = 956884DE20AB289C00E0F72C /* Products */;
			projectDirPath = "";
			projectRoot = "";
			targets = (
				956884DC20AB289C00E0F72C /* YubiKitFullStackManualTests */,
				95FF5E4520DA4413003CCA16 /* YubiKitFullStackAutomationTests */,
			);
		};
/* End PBXProject section */

/* Begin PBXResourcesBuildPhase section */
		956884DB20AB289C00E0F72C /* Resources */ = {
			isa = PBXResourcesBuildPhase;
			buildActionMask = 2147483647;
			files = (
				956884ED20AB289D00E0F72C /* LaunchScreen.storyboard in Resources */,
				956884EA20AB289D00E0F72C /* Assets.xcassets in Resources */,
				956884E820AB289C00E0F72C /* Main.storyboard in Resources */,
				95DE3F5522F02F5E00EA382C /* moly.sh in Resources */,
				95474CB320DA89F00016A2AE /* Logs.storyboard in Resources */,
			);
			runOnlyForDeploymentPostprocessing = 0;
		};
		95FF5E4420DA4413003CCA16 /* Resources */ = {
			isa = PBXResourcesBuildPhase;
			buildActionMask = 2147483647;
			files = (
			);
			runOnlyForDeploymentPostprocessing = 0;
		};
/* End PBXResourcesBuildPhase section */

/* Begin PBXSourcesBuildPhase section */
		956884D920AB289C00E0F72C /* Sources */ = {
			isa = PBXSourcesBuildPhase;
			buildActionMask = 2147483647;
			files = (
				95F76E4620DBB72A00011942 /* Configuration.m in Sources */,
				95951A4920AC771F0055C594 /* ManualTests.m in Sources */,
				956884E520AB289C00E0F72C /* TestListViewController.m in Sources */,
				958DDB65211C61060064A50F /* TestDataGenerator.m in Sources */,
				958DCCE620B6BBDE004244B2 /* GnubbySelectU2FApplicationAPDU.m in Sources */,
				958DCCE220B6B1A4004244B2 /* GnubbyManualTestsViewController.m in Sources */,
				956884FD20AC400200E0F72C /* LoggingViewController.m in Sources */,
				95D065E420DA95FD0051A488 /* AppStateController.m in Sources */,
				95A6C92820ADB794004F43CC /* TestSharedLogger.m in Sources */,
				958DCCDC20B6ADA7004244B2 /* GnubbyManualTests.m in Sources */,
				958DDB66211C61160064A50F /* KeyCommandResponseParser.m in Sources */,
				956884F020AB289D00E0F72C /* main.m in Sources */,
				956884FA20AC263100E0F72C /* TestDataSource.m in Sources */,
				958DCCDF20B6B0A4004244B2 /* ManualTestsViewController.m in Sources */,
				958DDB69211C65AF0064A50F /* OTPUIResponder.m in Sources */,
				956884E220AB289C00E0F72C /* AppDelegate.m in Sources */,
			);
			runOnlyForDeploymentPostprocessing = 0;
		};
		95FF5E4220DA4413003CCA16 /* Sources */ = {
			isa = PBXSourcesBuildPhase;
			buildActionMask = 2147483647;
			files = (
				9582814E22F457E70096A9C2 /* TouchAutomationTests.m in Sources */,
				950AC92B2147C586004967AE /* U2FAutomationTests.m in Sources */,
				956124F22121D51D00733BB5 /* ModeSwitchingStressTests.m in Sources */,
				95FB3C7C218328D900B92A6A /* OATHAutomationTests.m in Sources */,
				958439BA211C3A2200985F6B /* OTPValidationWebServiceResponse.m in Sources */,
				950AC92A2147C582004967AE /* OTPAutomationTests.m in Sources */,
				957D869721B80CC7004ABF86 /* PCSCAutomationTests.m in Sources */,
				956124F62122CF1F00733BB5 /* U2FDataParser.m in Sources */,
				958439B7211C2EC500985F6B /* OTPValidationWebService.m in Sources */,
				9520F9E821B574470072CD01 /* RawCommandAutomationTests.m in Sources */,
				95FF5E5020DA46AC003CCA16 /* MOYService.m in Sources */,
				95474CB020DA6EA30016A2AE /* AutomationTest.m in Sources */,
				950AC92C2147C58B004967AE /* KeyConnectionAutomationTests.m in Sources */,
			);
			runOnlyForDeploymentPostprocessing = 0;
		};
/* End PBXSourcesBuildPhase section */

/* Begin PBXTargetDependency section */
		95FF5E4C20DA4413003CCA16 /* PBXTargetDependency */ = {
			isa = PBXTargetDependency;
			target = 956884DC20AB289C00E0F72C /* YubiKitFullStackManualTests */;
			targetProxy = 95FF5E4B20DA4413003CCA16 /* PBXContainerItemProxy */;
		};
/* End PBXTargetDependency section */

/* Begin PBXVariantGroup section */
		956884E620AB289C00E0F72C /* Main.storyboard */ = {
			isa = PBXVariantGroup;
			children = (
				956884E720AB289C00E0F72C /* Base */,
			);
			name = Main.storyboard;
			sourceTree = "<group>";
		};
		956884EB20AB289D00E0F72C /* LaunchScreen.storyboard */ = {
			isa = PBXVariantGroup;
			children = (
				956884EC20AB289D00E0F72C /* Base */,
			);
			name = LaunchScreen.storyboard;
			sourceTree = "<group>";
		};
/* End PBXVariantGroup section */

/* Begin XCBuildConfiguration section */
		956884F120AB289D00E0F72C /* Debug */ = {
			isa = XCBuildConfiguration;
			buildSettings = {
				ALWAYS_SEARCH_USER_PATHS = NO;
				CLANG_ANALYZER_NONNULL = YES;
				CLANG_ANALYZER_NUMBER_OBJECT_CONVERSION = YES_AGGRESSIVE;
				CLANG_CXX_LANGUAGE_STANDARD = "gnu++14";
				CLANG_CXX_LIBRARY = "libc++";
				CLANG_ENABLE_MODULES = YES;
				CLANG_ENABLE_OBJC_ARC = YES;
				CLANG_ENABLE_OBJC_WEAK = YES;
				CLANG_WARN_BLOCK_CAPTURE_AUTORELEASING = YES;
				CLANG_WARN_BOOL_CONVERSION = YES;
				CLANG_WARN_COMMA = YES;
				CLANG_WARN_CONSTANT_CONVERSION = YES;
				CLANG_WARN_DEPRECATED_OBJC_IMPLEMENTATIONS = YES;
				CLANG_WARN_DIRECT_OBJC_ISA_USAGE = YES_ERROR;
				CLANG_WARN_DOCUMENTATION_COMMENTS = YES;
				CLANG_WARN_EMPTY_BODY = YES;
				CLANG_WARN_ENUM_CONVERSION = YES;
				CLANG_WARN_INFINITE_RECURSION = YES;
				CLANG_WARN_INT_CONVERSION = YES;
				CLANG_WARN_NON_LITERAL_NULL_CONVERSION = YES;
				CLANG_WARN_OBJC_IMPLICIT_RETAIN_SELF = YES;
				CLANG_WARN_OBJC_LITERAL_CONVERSION = YES;
				CLANG_WARN_OBJC_ROOT_CLASS = YES_ERROR;
				CLANG_WARN_RANGE_LOOP_ANALYSIS = YES;
				CLANG_WARN_STRICT_PROTOTYPES = YES;
				CLANG_WARN_SUSPICIOUS_MOVE = YES;
				CLANG_WARN_UNGUARDED_AVAILABILITY = YES_AGGRESSIVE;
				CLANG_WARN_UNREACHABLE_CODE = YES;
				CLANG_WARN__DUPLICATE_METHOD_MATCH = YES;
				CODE_SIGN_IDENTITY = "iPhone Developer";
				COPY_PHASE_STRIP = NO;
				DEBUG_INFORMATION_FORMAT = dwarf;
				ENABLE_STRICT_OBJC_MSGSEND = YES;
				ENABLE_TESTABILITY = YES;
				GCC_C_LANGUAGE_STANDARD = gnu11;
				GCC_DYNAMIC_NO_PIC = NO;
				GCC_NO_COMMON_BLOCKS = YES;
				GCC_OPTIMIZATION_LEVEL = 0;
				GCC_WARN_64_TO_32_BIT_CONVERSION = YES;
				GCC_WARN_ABOUT_RETURN_TYPE = YES_ERROR;
				GCC_WARN_UNDECLARED_SELECTOR = YES;
				GCC_WARN_UNINITIALIZED_AUTOS = YES_AGGRESSIVE;
				GCC_WARN_UNUSED_FUNCTION = YES;
				GCC_WARN_UNUSED_VARIABLE = YES;
				IPHONEOS_DEPLOYMENT_TARGET = 11.3;
				MTL_ENABLE_DEBUG_INFO = YES;
				ONLY_ACTIVE_ARCH = YES;
				SDKROOT = iphoneos;
			};
			name = Debug;
		};
		956884F220AB289D00E0F72C /* Release */ = {
			isa = XCBuildConfiguration;
			buildSettings = {
				ALWAYS_SEARCH_USER_PATHS = NO;
				CLANG_ANALYZER_NONNULL = YES;
				CLANG_ANALYZER_NUMBER_OBJECT_CONVERSION = YES_AGGRESSIVE;
				CLANG_CXX_LANGUAGE_STANDARD = "gnu++14";
				CLANG_CXX_LIBRARY = "libc++";
				CLANG_ENABLE_MODULES = YES;
				CLANG_ENABLE_OBJC_ARC = YES;
				CLANG_ENABLE_OBJC_WEAK = YES;
				CLANG_WARN_BLOCK_CAPTURE_AUTORELEASING = YES;
				CLANG_WARN_BOOL_CONVERSION = YES;
				CLANG_WARN_COMMA = YES;
				CLANG_WARN_CONSTANT_CONVERSION = YES;
				CLANG_WARN_DEPRECATED_OBJC_IMPLEMENTATIONS = YES;
				CLANG_WARN_DIRECT_OBJC_ISA_USAGE = YES_ERROR;
				CLANG_WARN_DOCUMENTATION_COMMENTS = YES;
				CLANG_WARN_EMPTY_BODY = YES;
				CLANG_WARN_ENUM_CONVERSION = YES;
				CLANG_WARN_INFINITE_RECURSION = YES;
				CLANG_WARN_INT_CONVERSION = YES;
				CLANG_WARN_NON_LITERAL_NULL_CONVERSION = YES;
				CLANG_WARN_OBJC_IMPLICIT_RETAIN_SELF = YES;
				CLANG_WARN_OBJC_LITERAL_CONVERSION = YES;
				CLANG_WARN_OBJC_ROOT_CLASS = YES_ERROR;
				CLANG_WARN_RANGE_LOOP_ANALYSIS = YES;
				CLANG_WARN_STRICT_PROTOTYPES = YES;
				CLANG_WARN_SUSPICIOUS_MOVE = YES;
				CLANG_WARN_UNGUARDED_AVAILABILITY = YES_AGGRESSIVE;
				CLANG_WARN_UNREACHABLE_CODE = YES;
				CLANG_WARN__DUPLICATE_METHOD_MATCH = YES;
				CODE_SIGN_IDENTITY = "iPhone Developer";
				COPY_PHASE_STRIP = NO;
				DEBUG_INFORMATION_FORMAT = "dwarf-with-dsym";
				ENABLE_NS_ASSERTIONS = NO;
				ENABLE_STRICT_OBJC_MSGSEND = YES;
				GCC_C_LANGUAGE_STANDARD = gnu11;
				GCC_NO_COMMON_BLOCKS = YES;
				GCC_WARN_64_TO_32_BIT_CONVERSION = YES;
				GCC_WARN_ABOUT_RETURN_TYPE = YES_ERROR;
				GCC_WARN_UNDECLARED_SELECTOR = YES;
				GCC_WARN_UNINITIALIZED_AUTOS = YES_AGGRESSIVE;
				GCC_WARN_UNUSED_FUNCTION = YES;
				GCC_WARN_UNUSED_VARIABLE = YES;
				IPHONEOS_DEPLOYMENT_TARGET = 11.3;
				MTL_ENABLE_DEBUG_INFO = NO;
				SDKROOT = iphoneos;
				VALIDATE_PRODUCT = YES;
			};
			name = Release;
		};
		956884F420AB289D00E0F72C /* Debug */ = {
			isa = XCBuildConfiguration;
			buildSettings = {
				ASSETCATALOG_COMPILER_APPICON_NAME = AppIcon;
				CODE_SIGN_STYLE = Automatic;
				DEVELOPMENT_TEAM = LQA3CS5MM7;
				HEADER_SEARCH_PATHS = "../YubiKit/**";
				INFOPLIST_FILE = YubiKitFullStackTests/Info.plist;
				IPHONEOS_DEPLOYMENT_TARGET = 10.0;
				LD_RUNPATH_SEARCH_PATHS = (
					"$(inherited)",
					"@executable_path/Frameworks",
				);
				OTHER_LDFLAGS = "-ObjC";
				PRODUCT_BUNDLE_IDENTIFIER = com.yubico.YubiKitFullStackTests;
				PRODUCT_NAME = "$(TARGET_NAME)";
				TARGETED_DEVICE_FAMILY = "1,2";
			};
			name = Debug;
		};
		956884F520AB289D00E0F72C /* Release */ = {
			isa = XCBuildConfiguration;
			buildSettings = {
				ASSETCATALOG_COMPILER_APPICON_NAME = AppIcon;
				CODE_SIGN_STYLE = Automatic;
				DEVELOPMENT_TEAM = LQA3CS5MM7;
				HEADER_SEARCH_PATHS = "../YubiKit/**";
				INFOPLIST_FILE = YubiKitFullStackTests/Info.plist;
				IPHONEOS_DEPLOYMENT_TARGET = 10.0;
				LD_RUNPATH_SEARCH_PATHS = (
					"$(inherited)",
					"@executable_path/Frameworks",
				);
				OTHER_LDFLAGS = "-ObjC";
				PRODUCT_BUNDLE_IDENTIFIER = com.yubico.YubiKitFullStackTests;
				PRODUCT_NAME = "$(TARGET_NAME)";
				TARGETED_DEVICE_FAMILY = "1,2";
			};
			name = Release;
		};
		95FF5E4E20DA4413003CCA16 /* Debug */ = {
			isa = XCBuildConfiguration;
			buildSettings = {
				BUNDLE_LOADER = "$(TEST_HOST)";
				CODE_SIGN_STYLE = Automatic;
				DEVELOPMENT_TEAM = LQA3CS5MM7;
				HEADER_SEARCH_PATHS = "../YubiKit/**";
				INFOPLIST_FILE = YubiKitFullStackAutomationTests/Info.plist;
				IPHONEOS_DEPLOYMENT_TARGET = 11.4;
				LD_RUNPATH_SEARCH_PATHS = (
					"$(inherited)",
					"@executable_path/Frameworks",
					"@loader_path/Frameworks",
				);
				PRODUCT_BUNDLE_IDENTIFIER = com.yubico.YubiKitFullStackAutomationTests;
				PRODUCT_NAME = "$(TARGET_NAME)";
				TARGETED_DEVICE_FAMILY = "1,2";
				TEST_HOST = "$(BUILT_PRODUCTS_DIR)/YubiKitFullStackManualTests.app/YubiKitFullStackManualTests";
			};
			name = Debug;
		};
		95FF5E4F20DA4413003CCA16 /* Release */ = {
			isa = XCBuildConfiguration;
			buildSettings = {
				BUNDLE_LOADER = "$(TEST_HOST)";
				CODE_SIGN_STYLE = Automatic;
				DEVELOPMENT_TEAM = LQA3CS5MM7;
				HEADER_SEARCH_PATHS = "../YubiKit/**";
				INFOPLIST_FILE = YubiKitFullStackAutomationTests/Info.plist;
				IPHONEOS_DEPLOYMENT_TARGET = 11.4;
				LD_RUNPATH_SEARCH_PATHS = (
					"$(inherited)",
					"@executable_path/Frameworks",
					"@loader_path/Frameworks",
				);
				PRODUCT_BUNDLE_IDENTIFIER = com.yubico.YubiKitFullStackAutomationTests;
				PRODUCT_NAME = "$(TARGET_NAME)";
				TARGETED_DEVICE_FAMILY = "1,2";
				TEST_HOST = "$(BUILT_PRODUCTS_DIR)/YubiKitFullStackManualTests.app/YubiKitFullStackManualTests";
			};
			name = Release;
		};
/* End XCBuildConfiguration section */

/* Begin XCConfigurationList section */
		956884D820AB289C00E0F72C /* Build configuration list for PBXProject "YubiKitFullStackTests" */ = {
			isa = XCConfigurationList;
			buildConfigurations = (
				956884F120AB289D00E0F72C /* Debug */,
				956884F220AB289D00E0F72C /* Release */,
			);
			defaultConfigurationIsVisible = 0;
			defaultConfigurationName = Release;
		};
		956884F320AB289D00E0F72C /* Build configuration list for PBXNativeTarget "YubiKitFullStackManualTests" */ = {
			isa = XCConfigurationList;
			buildConfigurations = (
				956884F420AB289D00E0F72C /* Debug */,
				956884F520AB289D00E0F72C /* Release */,
			);
			defaultConfigurationIsVisible = 0;
			defaultConfigurationName = Release;
		};
		95FF5E4D20DA4413003CCA16 /* Build configuration list for PBXNativeTarget "YubiKitFullStackAutomationTests" */ = {
			isa = XCConfigurationList;
			buildConfigurations = (
				95FF5E4E20DA4413003CCA16 /* Debug */,
				95FF5E4F20DA4413003CCA16 /* Release */,
			);
			defaultConfigurationIsVisible = 0;
			defaultConfigurationName = Release;
		};
/* End XCConfigurationList section */
	};
	rootObject = 956884D520AB289C00E0F72C /* Project object */;
}
