// !$*UTF8*$!
{
	archiveVersion = 1;
	classes = {
	};
	objectVersion = 48;
	objects = {

/* Begin PBXBuildFile section */
		81FA3C42231D52CB009C22AB /* CustomLogger.swift in Sources */ = {isa = PBXBuildFile; fileRef = 81FA3C41231D52CB009C22AB /* CustomLogger.swift */; };
		950A340B203DC54E005C9754 /* QRCodeScanNotAvailableView.swift in Sources */ = {isa = PBXBuildFile; fileRef = 950A340A203DC54E005C9754 /* QRCodeScanNotAvailableView.swift */; };
		950A340D203DC564005C9754 /* QRCodeScanNotAvailableView.xib in Resources */ = {isa = PBXBuildFile; fileRef = 950A340C203DC564005C9754 /* QRCodeScanNotAvailableView.xib */; };
		950A340F203EBA1B005C9754 /* AboutViewController.swift in Sources */ = {isa = PBXBuildFile; fileRef = 950A340E203EBA1B005C9754 /* AboutViewController.swift */; };
		951208FC2243C44B0037475A /* FIDO2PinInputController.swift in Sources */ = {isa = PBXBuildFile; fileRef = 951208FB2243C44B0037475A /* FIDO2PinInputController.swift */; };
		951459B020BED84B00E6757A /* ApplicationUIAppearance.swift in Sources */ = {isa = PBXBuildFile; fileRef = 951459AF20BED84B00E6757A /* ApplicationUIAppearance.swift */; };
		9519A50823279FF00087EE8F /* ProgressHudView.swift in Sources */ = {isa = PBXBuildFile; fileRef = 9519A50623279FF00087EE8F /* ProgressHudView.swift */; };
		9519A50923279FF00087EE8F /* ProgressHudView.xib in Resources */ = {isa = PBXBuildFile; fileRef = 9519A50723279FF00087EE8F /* ProgressHudView.xib */; };
		9526E3CC21AFEE480003DAB8 /* MFIKeyInteractionViewController.swift in Sources */ = {isa = PBXBuildFile; fileRef = 9526E3CB21AFEE480003DAB8 /* MFIKeyInteractionViewController.swift */; };
		9528AC9420B5685E00513302 /* UIViewAdditions.swift in Sources */ = {isa = PBXBuildFile; fileRef = 9528AC9320B5685E00513302 /* UIViewAdditions.swift */; };
		952AF236203ACD1E004C2FDB /* RootViewController.swift in Sources */ = {isa = PBXBuildFile; fileRef = 952AF235203ACD1E004C2FDB /* RootViewController.swift */; };
		952C3BFE203C73FB0000A115 /* QRCodeScanWaitingView.swift in Sources */ = {isa = PBXBuildFile; fileRef = 952C3BFD203C73FB0000A115 /* QRCodeScanWaitingView.swift */; };
		952C3C00203C74150000A115 /* QRCodeScanWaitingView.xib in Resources */ = {isa = PBXBuildFile; fileRef = 952C3BFF203C74150000A115 /* QRCodeScanWaitingView.xib */; };
		952C3C02203D64F60000A115 /* QRCodeScanContainerView.swift in Sources */ = {isa = PBXBuildFile; fileRef = 952C3C01203D64F60000A115 /* QRCodeScanContainerView.swift */; };
		952C3C06203D751C0000A115 /* QRCodeScanResultsView.swift in Sources */ = {isa = PBXBuildFile; fileRef = 952C3C05203D751C0000A115 /* QRCodeScanResultsView.swift */; };
		952C3C08203D75390000A115 /* QRCodeScanResultsView.xib in Resources */ = {isa = PBXBuildFile; fileRef = 952C3C07203D75390000A115 /* QRCodeScanResultsView.xib */; };
		953407F6224BA61E00BB9A0D /* WebAuthnRegisterBeginRequest.swift in Sources */ = {isa = PBXBuildFile; fileRef = 9576AF46224B903300CA7C1B /* WebAuthnRegisterBeginRequest.swift */; };
		953407F7224BA64100BB9A0D /* WebAuthnRegisterBeginResponse.swift in Sources */ = {isa = PBXBuildFile; fileRef = 9576AF48224B9E3200CA7C1B /* WebAuthnRegisterBeginResponse.swift */; };
		953407F9224BAB4700BB9A0D /* WebAuthnRegisterFinishRequest.swift in Sources */ = {isa = PBXBuildFile; fileRef = 953407F8224BAB4700BB9A0D /* WebAuthnRegisterFinishRequest.swift */; };
		953407FB224BAEFA00BB9A0D /* WebAuthnRegisterFinishResponse.swift in Sources */ = {isa = PBXBuildFile; fileRef = 953407FA224BAEFA00BB9A0D /* WebAuthnRegisterFinishResponse.swift */; };
		953407FD224CEA8000BB9A0D /* WebAuthnAuthenticateBeginRequest.swift in Sources */ = {isa = PBXBuildFile; fileRef = 953407FC224CEA8000BB9A0D /* WebAuthnAuthenticateBeginRequest.swift */; };
		953407FF224CED8C00BB9A0D /* WebAuthnAuthenticateBeginResponse.swift in Sources */ = {isa = PBXBuildFile; fileRef = 953407FE224CED8C00BB9A0D /* WebAuthnAuthenticateBeginResponse.swift */; };
		95340801224CF3BA00BB9A0D /* WebAuthnAuthenticateFinishRequest.swift in Sources */ = {isa = PBXBuildFile; fileRef = 95340800224CF3BA00BB9A0D /* WebAuthnAuthenticateFinishRequest.swift */; };
		95340803224CFA9100BB9A0D /* WebAuthnAuthenticateFinishResponse.swift in Sources */ = {isa = PBXBuildFile; fileRef = 95340802224CFA9100BB9A0D /* WebAuthnAuthenticateFinishResponse.swift */; };
		95340807224E0F2A00BB9A0D /* WebAuthnRequest.swift in Sources */ = {isa = PBXBuildFile; fileRef = 95340806224E0F2A00BB9A0D /* WebAuthnRequest.swift */; };
		95340809224E3D9E00BB9A0D /* WebAuthnResponse.swift in Sources */ = {isa = PBXBuildFile; fileRef = 95340808224E3D9E00BB9A0D /* WebAuthnResponse.swift */; };
		953AB4FE21A4107900A1823A /* RawCommandServiceDemoViewController.swift in Sources */ = {isa = PBXBuildFile; fileRef = 953AB4FD21A4107900A1823A /* RawCommandServiceDemoViewController.swift */; };
		953AB50121A44F0100A1823A /* RawDemoResponseParser.swift in Sources */ = {isa = PBXBuildFile; fileRef = 953AB50021A44F0100A1823A /* RawDemoResponseParser.swift */; };
		953AB50321A4519400A1823A /* RawDemoSecCertificate.swift in Sources */ = {isa = PBXBuildFile; fileRef = 953AB50221A4519400A1823A /* RawDemoSecCertificate.swift */; };
		95482973218B596600A3D8FA /* OTPUIResponder.swift in Sources */ = {isa = PBXBuildFile; fileRef = 95482972218B596600A3D8FA /* OTPUIResponder.swift */; };
		955355612203153000D633F3 /* FIDO2DemoViewController.swift in Sources */ = {isa = PBXBuildFile; fileRef = 955355602203153000D633F3 /* FIDO2DemoViewController.swift */; };
		955DEB3B2099FB4C00259E71 /* WebServiceError.swift in Sources */ = {isa = PBXBuildFile; fileRef = 955DEB392099FB4C00259E71 /* WebServiceError.swift */; };
		9576AF3B224AA59600CA7C1B /* WebAuthnUserRequest.swift in Sources */ = {isa = PBXBuildFile; fileRef = 9576AF3A224AA59600CA7C1B /* WebAuthnUserRequest.swift */; };
		9576AF3D224AAE4C00CA7C1B /* WebAuthnCreateUserResponse.swift in Sources */ = {isa = PBXBuildFile; fileRef = 9576AF3C224AAE4C00CA7C1B /* WebAuthnCreateUserResponse.swift */; };
		9576AF3F224AAF1E00CA7C1B /* WebAuthnService.swift in Sources */ = {isa = PBXBuildFile; fileRef = 9576AF3E224AAF1E00CA7C1B /* WebAuthnService.swift */; };
		9576AF43224B802100CA7C1B /* WebAuthnLoginUserResponse.swift in Sources */ = {isa = PBXBuildFile; fileRef = 9576AF42224B802100CA7C1B /* WebAuthnLoginUserResponse.swift */; };
		957DE0EC2031B52D00B53569 /* OTPScanContainerView.swift in Sources */ = {isa = PBXBuildFile; fileRef = 957DE0EB2031B52D00B53569 /* OTPScanContainerView.swift */; };
		95885AF2209B1EB300828D02 /* FIDO2Demo.storyboard in Resources */ = {isa = PBXBuildFile; fileRef = 95885AF1209B1EB300828D02 /* FIDO2Demo.storyboard */; };
		95885AF5209B230C00828D02 /* MFIKeyActionSheetView.xib in Resources */ = {isa = PBXBuildFile; fileRef = 95885AF4209B230C00828D02 /* MFIKeyActionSheetView.xib */; };
		95885AF7209B265000828D02 /* MFIKeyActionSheetView.swift in Sources */ = {isa = PBXBuildFile; fileRef = 95885AF6209B265000828D02 /* MFIKeyActionSheetView.swift */; };
		95885AF9209B266D00828D02 /* FIDO2ViewController.swift in Sources */ = {isa = PBXBuildFile; fileRef = 95885AF8209B266D00828D02 /* FIDO2ViewController.swift */; };
		95885AFB209B42F700828D02 /* NamedColors.swift in Sources */ = {isa = PBXBuildFile; fileRef = 95885AFA209B42F700828D02 /* NamedColors.swift */; };
		95A04D1822523336008E3036 /* AccessorySessionObserver.swift in Sources */ = {isa = PBXBuildFile; fileRef = 95A04D1722523336008E3036 /* AccessorySessionObserver.swift */; };
		95A04D1A2252334D008E3036 /* FIDO2ServiceObserver.swift in Sources */ = {isa = PBXBuildFile; fileRef = 95A04D192252334D008E3036 /* FIDO2ServiceObserver.swift */; };
		95AD1AB0232A339B00FC3313 /* SceneObserver.swift in Sources */ = {isa = PBXBuildFile; fileRef = 95AD1AAF232A339B00FC3313 /* SceneObserver.swift */; };
		95AFD4AA22CB566500CDF8D3 /* DataExtensions.swift in Sources */ = {isa = PBXBuildFile; fileRef = 95AFD4A922CB566500CDF8D3 /* DataExtensions.swift */; };
		95C70DDF224A2FE70024E220 /* U2FDemoViewController.swift in Sources */ = {isa = PBXBuildFile; fileRef = 95C70DDE224A2FE70024E220 /* U2FDemoViewController.swift */; };
		95DA54D121944C1000B60C18 /* OtherDemosStoryboard.storyboard in Resources */ = {isa = PBXBuildFile; fileRef = 95DA54D021944C1000B60C18 /* OtherDemosStoryboard.storyboard */; };
		95DA54D3219455DB00B60C18 /* OtherDemosTableViewController.swift in Sources */ = {isa = PBXBuildFile; fileRef = 95DA54D2219455DB00B60C18 /* OtherDemosTableViewController.swift */; };
		95DA54D52194601500B60C18 /* PCSCDemoViewController.swift in Sources */ = {isa = PBXBuildFile; fileRef = 95DA54D42194601500B60C18 /* PCSCDemoViewController.swift */; };
		95DF4A972199B5D10025A152 /* DemoCustomTabBar.swift in Sources */ = {isa = PBXBuildFile; fileRef = 95DF4A962199B5D10025A152 /* DemoCustomTabBar.swift */; };
		95EAD56B220872EE00CD7C18 /* OtherDemoRootViewController.swift in Sources */ = {isa = PBXBuildFile; fileRef = 95EAD56A220872EE00CD7C18 /* OtherDemoRootViewController.swift */; };
		95F14DE02062B27C000B1278 /* libYubiKit.a in Frameworks */ = {isa = PBXBuildFile; fileRef = 95F14DE12062B27C000B1278 /* libYubiKit.a */; };
		95F767CC20331E4D00208B88 /* OTPWaitingScanView.swift in Sources */ = {isa = PBXBuildFile; fileRef = 95F767CB20331E4D00208B88 /* OTPWaitingScanView.swift */; };
		95F767CE20331E6900208B88 /* OTPWaitingScanView.xib in Resources */ = {isa = PBXBuildFile; fileRef = 95F767CD20331E6900208B88 /* OTPWaitingScanView.xib */; };
		95F767D0203337E900208B88 /* OTPScanResultsView.swift in Sources */ = {isa = PBXBuildFile; fileRef = 95F767CF203337E900208B88 /* OTPScanResultsView.swift */; };
		95F767D22033381700208B88 /* OTPScanResultsView.xib in Resources */ = {isa = PBXBuildFile; fileRef = 95F767D12033381700208B88 /* OTPScanResultsView.xib */; };
		95F767D42033439F00208B88 /* OTPDemo.storyboard in Resources */ = {isa = PBXBuildFile; fileRef = 95F767D32033439F00208B88 /* OTPDemo.storyboard */; };
		95F767D7203345D400208B88 /* QRDemo.storyboard in Resources */ = {isa = PBXBuildFile; fileRef = 95F767D6203345D400208B88 /* QRDemo.storyboard */; };
		95F767DA2033463900208B88 /* About.storyboard in Resources */ = {isa = PBXBuildFile; fileRef = 95F767D92033463900208B88 /* About.storyboard */; };
		95F767DC203347EF00208B88 /* QRScanViewController.swift in Sources */ = {isa = PBXBuildFile; fileRef = 95F767DB203347EF00208B88 /* QRScanViewController.swift */; };
		95F767E2203455FC00208B88 /* OTPDetailsViewController.swift in Sources */ = {isa = PBXBuildFile; fileRef = 95F767E0203455FC00208B88 /* OTPDetailsViewController.swift */; };
		95FAFAC9202C483E00121DD5 /* AppDelegate.swift in Sources */ = {isa = PBXBuildFile; fileRef = 95FAFAC8202C483E00121DD5 /* AppDelegate.swift */; };
		95FAFACB202C483E00121DD5 /* OTPScanViewController.swift in Sources */ = {isa = PBXBuildFile; fileRef = 95FAFACA202C483E00121DD5 /* OTPScanViewController.swift */; };
		95FAFACE202C483E00121DD5 /* Main.storyboard in Resources */ = {isa = PBXBuildFile; fileRef = 95FAFACC202C483E00121DD5 /* Main.storyboard */; };
		95FAFAD0202C483E00121DD5 /* Assets.xcassets in Resources */ = {isa = PBXBuildFile; fileRef = 95FAFACF202C483E00121DD5 /* Assets.xcassets */; };
		95FAFAD3202C483E00121DD5 /* LaunchScreen.storyboard in Resources */ = {isa = PBXBuildFile; fileRef = 95FAFAD1202C483E00121DD5 /* LaunchScreen.storyboard */; };
/* End PBXBuildFile section */

/* Begin PBXFileReference section */
		81FA3C41231D52CB009C22AB /* CustomLogger.swift */ = {isa = PBXFileReference; lastKnownFileType = sourcecode.swift; path = CustomLogger.swift; sourceTree = "<group>"; };
		950A340A203DC54E005C9754 /* QRCodeScanNotAvailableView.swift */ = {isa = PBXFileReference; lastKnownFileType = sourcecode.swift; path = QRCodeScanNotAvailableView.swift; sourceTree = "<group>"; };
		950A340C203DC564005C9754 /* QRCodeScanNotAvailableView.xib */ = {isa = PBXFileReference; lastKnownFileType = file.xib; path = QRCodeScanNotAvailableView.xib; sourceTree = "<group>"; };
		950A340E203EBA1B005C9754 /* AboutViewController.swift */ = {isa = PBXFileReference; lastKnownFileType = sourcecode.swift; path = AboutViewController.swift; sourceTree = "<group>"; };
		951208FB2243C44B0037475A /* FIDO2PinInputController.swift */ = {isa = PBXFileReference; lastKnownFileType = sourcecode.swift; path = FIDO2PinInputController.swift; sourceTree = "<group>"; };
		951459AF20BED84B00E6757A /* ApplicationUIAppearance.swift */ = {isa = PBXFileReference; lastKnownFileType = sourcecode.swift; path = ApplicationUIAppearance.swift; sourceTree = "<group>"; };
		9519A50623279FF00087EE8F /* ProgressHudView.swift */ = {isa = PBXFileReference; fileEncoding = 4; lastKnownFileType = sourcecode.swift; path = ProgressHudView.swift; sourceTree = "<group>"; };
		9519A50723279FF00087EE8F /* ProgressHudView.xib */ = {isa = PBXFileReference; fileEncoding = 4; lastKnownFileType = file.xib; path = ProgressHudView.xib; sourceTree = "<group>"; };
		952365EB22F850AD00B8F8AB /* README.md */ = {isa = PBXFileReference; lastKnownFileType = net.daringfireball.markdown; name = README.md; path = ../README.md; sourceTree = "<group>"; };
		9526E3CB21AFEE480003DAB8 /* MFIKeyInteractionViewController.swift */ = {isa = PBXFileReference; lastKnownFileType = sourcecode.swift; path = MFIKeyInteractionViewController.swift; sourceTree = "<group>"; };
		9528AC9320B5685E00513302 /* UIViewAdditions.swift */ = {isa = PBXFileReference; fileEncoding = 4; lastKnownFileType = sourcecode.swift; path = UIViewAdditions.swift; sourceTree = "<group>"; };
		952AF235203ACD1E004C2FDB /* RootViewController.swift */ = {isa = PBXFileReference; lastKnownFileType = sourcecode.swift; path = RootViewController.swift; sourceTree = "<group>"; };
		952C3BFD203C73FB0000A115 /* QRCodeScanWaitingView.swift */ = {isa = PBXFileReference; lastKnownFileType = sourcecode.swift; path = QRCodeScanWaitingView.swift; sourceTree = "<group>"; };
		952C3BFF203C74150000A115 /* QRCodeScanWaitingView.xib */ = {isa = PBXFileReference; lastKnownFileType = file.xib; path = QRCodeScanWaitingView.xib; sourceTree = "<group>"; };
		952C3C01203D64F60000A115 /* QRCodeScanContainerView.swift */ = {isa = PBXFileReference; lastKnownFileType = sourcecode.swift; path = QRCodeScanContainerView.swift; sourceTree = "<group>"; };
		952C3C05203D751C0000A115 /* QRCodeScanResultsView.swift */ = {isa = PBXFileReference; lastKnownFileType = sourcecode.swift; path = QRCodeScanResultsView.swift; sourceTree = "<group>"; };
		952C3C07203D75390000A115 /* QRCodeScanResultsView.xib */ = {isa = PBXFileReference; lastKnownFileType = file.xib; path = QRCodeScanResultsView.xib; sourceTree = "<group>"; };
		953407F8224BAB4700BB9A0D /* WebAuthnRegisterFinishRequest.swift */ = {isa = PBXFileReference; lastKnownFileType = sourcecode.swift; path = WebAuthnRegisterFinishRequest.swift; sourceTree = "<group>"; };
		953407FA224BAEFA00BB9A0D /* WebAuthnRegisterFinishResponse.swift */ = {isa = PBXFileReference; lastKnownFileType = sourcecode.swift; path = WebAuthnRegisterFinishResponse.swift; sourceTree = "<group>"; };
		953407FC224CEA8000BB9A0D /* WebAuthnAuthenticateBeginRequest.swift */ = {isa = PBXFileReference; lastKnownFileType = sourcecode.swift; path = WebAuthnAuthenticateBeginRequest.swift; sourceTree = "<group>"; };
		953407FE224CED8C00BB9A0D /* WebAuthnAuthenticateBeginResponse.swift */ = {isa = PBXFileReference; lastKnownFileType = sourcecode.swift; path = WebAuthnAuthenticateBeginResponse.swift; sourceTree = "<group>"; };
		95340800224CF3BA00BB9A0D /* WebAuthnAuthenticateFinishRequest.swift */ = {isa = PBXFileReference; lastKnownFileType = sourcecode.swift; path = WebAuthnAuthenticateFinishRequest.swift; sourceTree = "<group>"; };
		95340802224CFA9100BB9A0D /* WebAuthnAuthenticateFinishResponse.swift */ = {isa = PBXFileReference; lastKnownFileType = sourcecode.swift; path = WebAuthnAuthenticateFinishResponse.swift; sourceTree = "<group>"; };
		95340806224E0F2A00BB9A0D /* WebAuthnRequest.swift */ = {isa = PBXFileReference; lastKnownFileType = sourcecode.swift; path = WebAuthnRequest.swift; sourceTree = "<group>"; };
		95340808224E3D9E00BB9A0D /* WebAuthnResponse.swift */ = {isa = PBXFileReference; lastKnownFileType = sourcecode.swift; path = WebAuthnResponse.swift; sourceTree = "<group>"; };
		953AB4FD21A4107900A1823A /* RawCommandServiceDemoViewController.swift */ = {isa = PBXFileReference; lastKnownFileType = sourcecode.swift; path = RawCommandServiceDemoViewController.swift; sourceTree = "<group>"; };
		953AB50021A44F0100A1823A /* RawDemoResponseParser.swift */ = {isa = PBXFileReference; lastKnownFileType = sourcecode.swift; path = RawDemoResponseParser.swift; sourceTree = "<group>"; };
		953AB50221A4519400A1823A /* RawDemoSecCertificate.swift */ = {isa = PBXFileReference; lastKnownFileType = sourcecode.swift; path = RawDemoSecCertificate.swift; sourceTree = "<group>"; };
		95482972218B596600A3D8FA /* OTPUIResponder.swift */ = {isa = PBXFileReference; fileEncoding = 4; lastKnownFileType = sourcecode.swift; path = OTPUIResponder.swift; sourceTree = "<group>"; };
		955355602203153000D633F3 /* FIDO2DemoViewController.swift */ = {isa = PBXFileReference; lastKnownFileType = sourcecode.swift; path = FIDO2DemoViewController.swift; sourceTree = "<group>"; };
		955DEB392099FB4C00259E71 /* WebServiceError.swift */ = {isa = PBXFileReference; fileEncoding = 4; lastKnownFileType = sourcecode.swift; path = WebServiceError.swift; sourceTree = "<group>"; };
		9576AF3A224AA59600CA7C1B /* WebAuthnUserRequest.swift */ = {isa = PBXFileReference; lastKnownFileType = sourcecode.swift; path = WebAuthnUserRequest.swift; sourceTree = "<group>"; };
		9576AF3C224AAE4C00CA7C1B /* WebAuthnCreateUserResponse.swift */ = {isa = PBXFileReference; lastKnownFileType = sourcecode.swift; path = WebAuthnCreateUserResponse.swift; sourceTree = "<group>"; };
		9576AF3E224AAF1E00CA7C1B /* WebAuthnService.swift */ = {isa = PBXFileReference; lastKnownFileType = sourcecode.swift; path = WebAuthnService.swift; sourceTree = "<group>"; };
		9576AF42224B802100CA7C1B /* WebAuthnLoginUserResponse.swift */ = {isa = PBXFileReference; lastKnownFileType = sourcecode.swift; path = WebAuthnLoginUserResponse.swift; sourceTree = "<group>"; };
		9576AF46224B903300CA7C1B /* WebAuthnRegisterBeginRequest.swift */ = {isa = PBXFileReference; lastKnownFileType = sourcecode.swift; path = WebAuthnRegisterBeginRequest.swift; sourceTree = "<group>"; };
		9576AF48224B9E3200CA7C1B /* WebAuthnRegisterBeginResponse.swift */ = {isa = PBXFileReference; lastKnownFileType = sourcecode.swift; path = WebAuthnRegisterBeginResponse.swift; sourceTree = "<group>"; };
		957DE0EB2031B52D00B53569 /* OTPScanContainerView.swift */ = {isa = PBXFileReference; lastKnownFileType = sourcecode.swift; path = OTPScanContainerView.swift; sourceTree = "<group>"; };
		95885AF1209B1EB300828D02 /* FIDO2Demo.storyboard */ = {isa = PBXFileReference; lastKnownFileType = file.storyboard; path = FIDO2Demo.storyboard; sourceTree = "<group>"; };
		95885AF4209B230C00828D02 /* MFIKeyActionSheetView.xib */ = {isa = PBXFileReference; fileEncoding = 4; lastKnownFileType = file.xib; path = MFIKeyActionSheetView.xib; sourceTree = "<group>"; };
		95885AF6209B265000828D02 /* MFIKeyActionSheetView.swift */ = {isa = PBXFileReference; lastKnownFileType = sourcecode.swift; path = MFIKeyActionSheetView.swift; sourceTree = "<group>"; };
		95885AF8209B266D00828D02 /* FIDO2ViewController.swift */ = {isa = PBXFileReference; lastKnownFileType = sourcecode.swift; path = FIDO2ViewController.swift; sourceTree = "<group>"; };
		95885AFA209B42F700828D02 /* NamedColors.swift */ = {isa = PBXFileReference; lastKnownFileType = sourcecode.swift; path = NamedColors.swift; sourceTree = "<group>"; };
		95A04D1722523336008E3036 /* AccessorySessionObserver.swift */ = {isa = PBXFileReference; lastKnownFileType = sourcecode.swift; path = AccessorySessionObserver.swift; sourceTree = "<group>"; };
		95A04D192252334D008E3036 /* FIDO2ServiceObserver.swift */ = {isa = PBXFileReference; lastKnownFileType = sourcecode.swift; path = FIDO2ServiceObserver.swift; sourceTree = "<group>"; };
		95AD1AAF232A339B00FC3313 /* SceneObserver.swift */ = {isa = PBXFileReference; lastKnownFileType = sourcecode.swift; path = SceneObserver.swift; sourceTree = "<group>"; };
		95AFD4A922CB566500CDF8D3 /* DataExtensions.swift */ = {isa = PBXFileReference; lastKnownFileType = sourcecode.swift; path = DataExtensions.swift; sourceTree = "<group>"; };
		95C4E87523326B90008582F2 /* YK3_NFCNotes.md */ = {isa = PBXFileReference; lastKnownFileType = net.daringfireball.markdown; name = YK3_NFCNotes.md; path = ../YK3_NFCNotes.md; sourceTree = "<group>"; };
		95C70DDE224A2FE70024E220 /* U2FDemoViewController.swift */ = {isa = PBXFileReference; lastKnownFileType = sourcecode.swift; path = U2FDemoViewController.swift; sourceTree = "<group>"; };
		95CEBA002031D4D000AF0D91 /* YubiKitDemo.entitlements */ = {isa = PBXFileReference; lastKnownFileType = text.plist.entitlements; path = YubiKitDemo.entitlements; sourceTree = "<group>"; };
		95DA54D021944C1000B60C18 /* OtherDemosStoryboard.storyboard */ = {isa = PBXFileReference; lastKnownFileType = file.storyboard; path = OtherDemosStoryboard.storyboard; sourceTree = "<group>"; };
		95DA54D2219455DB00B60C18 /* OtherDemosTableViewController.swift */ = {isa = PBXFileReference; lastKnownFileType = sourcecode.swift; path = OtherDemosTableViewController.swift; sourceTree = "<group>"; };
		95DA54D42194601500B60C18 /* PCSCDemoViewController.swift */ = {isa = PBXFileReference; lastKnownFileType = sourcecode.swift; path = PCSCDemoViewController.swift; sourceTree = "<group>"; };
		95DBAA042062B5420092286C /* YubiKitDemo-Bridging-Header.h */ = {isa = PBXFileReference; lastKnownFileType = sourcecode.c.h; path = "YubiKitDemo-Bridging-Header.h"; sourceTree = SOURCE_ROOT; };
		95DF4A962199B5D10025A152 /* DemoCustomTabBar.swift */ = {isa = PBXFileReference; lastKnownFileType = sourcecode.swift; path = DemoCustomTabBar.swift; sourceTree = "<group>"; };
		95EAD56A220872EE00CD7C18 /* OtherDemoRootViewController.swift */ = {isa = PBXFileReference; lastKnownFileType = sourcecode.swift; path = OtherDemoRootViewController.swift; sourceTree = "<group>"; };
		95F14DE12062B27C000B1278 /* libYubiKit.a */ = {isa = PBXFileReference; explicitFileType = archive.ar; path = libYubiKit.a; sourceTree = BUILT_PRODUCTS_DIR; };
		95F767CB20331E4D00208B88 /* OTPWaitingScanView.swift */ = {isa = PBXFileReference; lastKnownFileType = sourcecode.swift; path = OTPWaitingScanView.swift; sourceTree = "<group>"; };
		95F767CD20331E6900208B88 /* OTPWaitingScanView.xib */ = {isa = PBXFileReference; lastKnownFileType = file.xib; path = OTPWaitingScanView.xib; sourceTree = "<group>"; };
		95F767CF203337E900208B88 /* OTPScanResultsView.swift */ = {isa = PBXFileReference; lastKnownFileType = sourcecode.swift; path = OTPScanResultsView.swift; sourceTree = "<group>"; };
		95F767D12033381700208B88 /* OTPScanResultsView.xib */ = {isa = PBXFileReference; lastKnownFileType = file.xib; path = OTPScanResultsView.xib; sourceTree = "<group>"; };
		95F767D32033439F00208B88 /* OTPDemo.storyboard */ = {isa = PBXFileReference; lastKnownFileType = file.storyboard; path = OTPDemo.storyboard; sourceTree = "<group>"; };
		95F767D6203345D400208B88 /* QRDemo.storyboard */ = {isa = PBXFileReference; lastKnownFileType = file.storyboard; path = QRDemo.storyboard; sourceTree = "<group>"; };
		95F767D92033463900208B88 /* About.storyboard */ = {isa = PBXFileReference; lastKnownFileType = file.storyboard; path = About.storyboard; sourceTree = "<group>"; };
		95F767DB203347EF00208B88 /* QRScanViewController.swift */ = {isa = PBXFileReference; lastKnownFileType = sourcecode.swift; path = QRScanViewController.swift; sourceTree = "<group>"; };
		95F767E0203455FC00208B88 /* OTPDetailsViewController.swift */ = {isa = PBXFileReference; lastKnownFileType = sourcecode.swift; path = OTPDetailsViewController.swift; sourceTree = "<group>"; };
		95FAFAC5202C483E00121DD5 /* YubiKitDemo.app */ = {isa = PBXFileReference; explicitFileType = wrapper.application; includeInIndex = 0; path = YubiKitDemo.app; sourceTree = BUILT_PRODUCTS_DIR; };
		95FAFAC8202C483E00121DD5 /* AppDelegate.swift */ = {isa = PBXFileReference; lastKnownFileType = sourcecode.swift; path = AppDelegate.swift; sourceTree = "<group>"; };
		95FAFACA202C483E00121DD5 /* OTPScanViewController.swift */ = {isa = PBXFileReference; lastKnownFileType = sourcecode.swift; path = OTPScanViewController.swift; sourceTree = "<group>"; };
		95FAFACD202C483E00121DD5 /* Base */ = {isa = PBXFileReference; lastKnownFileType = file.storyboard; name = Base; path = Base.lproj/Main.storyboard; sourceTree = "<group>"; };
		95FAFACF202C483E00121DD5 /* Assets.xcassets */ = {isa = PBXFileReference; lastKnownFileType = folder.assetcatalog; path = Assets.xcassets; sourceTree = "<group>"; };
		95FAFAD2202C483E00121DD5 /* Base */ = {isa = PBXFileReference; lastKnownFileType = file.storyboard; name = Base; path = Base.lproj/LaunchScreen.storyboard; sourceTree = "<group>"; };
		95FAFAD4202C483E00121DD5 /* Info.plist */ = {isa = PBXFileReference; lastKnownFileType = text.plist.xml; path = Info.plist; sourceTree = "<group>"; };
/* End PBXFileReference section */

/* Begin PBXFrameworksBuildPhase section */
		95FAFAC2202C483E00121DD5 /* Frameworks */ = {
			isa = PBXFrameworksBuildPhase;
			buildActionMask = 2147483647;
			files = (
				95F14DE02062B27C000B1278 /* libYubiKit.a in Frameworks */,
			);
			runOnlyForDeploymentPostprocessing = 0;
		};
/* End PBXFrameworksBuildPhase section */

/* Begin PBXGroup section */
		9519A50523279FDD0087EE8F /* ProgressHud */ = {
			isa = PBXGroup;
			children = (
				9519A50623279FF00087EE8F /* ProgressHudView.swift */,
				9519A50723279FF00087EE8F /* ProgressHudView.xib */,
			);
			path = ProgressHud;
			sourceTree = "<group>";
		};
		9526E3CA21AFEE030003DAB8 /* MFIKeyActionSheet */ = {
			isa = PBXGroup;
			children = (
				95885AF4209B230C00828D02 /* MFIKeyActionSheetView.xib */,
				95885AF6209B265000828D02 /* MFIKeyActionSheetView.swift */,
				9526E3CB21AFEE480003DAB8 /* MFIKeyInteractionViewController.swift */,
			);
			path = MFIKeyActionSheet;
			sourceTree = "<group>";
		};
		9528AC9220B5670B00513302 /* SharedUI */ = {
			isa = PBXGroup;
			children = (
				9519A50523279FDD0087EE8F /* ProgressHud */,
				95AD1AAE232A336F00FC3313 /* SceneObserver */,
				9526E3CA21AFEE030003DAB8 /* MFIKeyActionSheet */,
				951208FB2243C44B0037475A /* FIDO2PinInputController.swift */,
				9528AC9320B5685E00513302 /* UIViewAdditions.swift */,
				951459AF20BED84B00E6757A /* ApplicationUIAppearance.swift */,
				95DF4A962199B5D10025A152 /* DemoCustomTabBar.swift */,
				952AF235203ACD1E004C2FDB /* RootViewController.swift */,
			);
			path = SharedUI;
			sourceTree = "<group>";
		};
		952C3BFC203C73A90000A115 /* Views */ = {
			isa = PBXGroup;
			children = (
				952C3C01203D64F60000A115 /* QRCodeScanContainerView.swift */,
				952C3BFD203C73FB0000A115 /* QRCodeScanWaitingView.swift */,
				952C3BFF203C74150000A115 /* QRCodeScanWaitingView.xib */,
				952C3C05203D751C0000A115 /* QRCodeScanResultsView.swift */,
				952C3C07203D75390000A115 /* QRCodeScanResultsView.xib */,
				950A340A203DC54E005C9754 /* QRCodeScanNotAvailableView.swift */,
				950A340C203DC564005C9754 /* QRCodeScanNotAvailableView.xib */,
			);
			path = Views;
			sourceTree = "<group>";
		};
		953AB4FF21A43BB700A1823A /* Demos */ = {
			isa = PBXGroup;
			children = (
				955355622203177D00D633F3 /* RawDemoModel */,
				95EAD56A220872EE00CD7C18 /* OtherDemoRootViewController.swift */,
				95DA54D42194601500B60C18 /* PCSCDemoViewController.swift */,
				953AB4FD21A4107900A1823A /* RawCommandServiceDemoViewController.swift */,
				955355602203153000D633F3 /* FIDO2DemoViewController.swift */,
				95C70DDE224A2FE70024E220 /* U2FDemoViewController.swift */,
			);
			path = Demos;
			sourceTree = "<group>";
		};
		955355622203177D00D633F3 /* RawDemoModel */ = {
			isa = PBXGroup;
			children = (
				953AB50021A44F0100A1823A /* RawDemoResponseParser.swift */,
				953AB50221A4519400A1823A /* RawDemoSecCertificate.swift */,
			);
			path = RawDemoModel;
			sourceTree = "<group>";
		};
		955DEB372099FA7400259E71 /* Model */ = {
			isa = PBXGroup;
			children = (
				95AFD4AB22CB584000CDF8D3 /* Extensions */,
				9576AF39224AA4C500CA7C1B /* WebAuthN */,
			);
			path = Model;
			sourceTree = "<group>";
		};
		956747CE202C48EC00C7B397 /* Frameworks */ = {
			isa = PBXGroup;
			children = (
				95F14DE12062B27C000B1278 /* libYubiKit.a */,
			);
			name = Frameworks;
			sourceTree = "<group>";
		};
		9576AF39224AA4C500CA7C1B /* WebAuthN */ = {
			isa = PBXGroup;
			children = (
				9576AF4A224BA53C00CA7C1B /* Requests */,
				9576AF3E224AAF1E00CA7C1B /* WebAuthnService.swift */,
				955DEB392099FB4C00259E71 /* WebServiceError.swift */,
			);
			path = WebAuthN;
			sourceTree = "<group>";
		};
		9576AF4A224BA53C00CA7C1B /* Requests */ = {
			isa = PBXGroup;
			children = (
				95340806224E0F2A00BB9A0D /* WebAuthnRequest.swift */,
				95340808224E3D9E00BB9A0D /* WebAuthnResponse.swift */,
				9576AF3A224AA59600CA7C1B /* WebAuthnUserRequest.swift */,
				9576AF3C224AAE4C00CA7C1B /* WebAuthnCreateUserResponse.swift */,
				9576AF42224B802100CA7C1B /* WebAuthnLoginUserResponse.swift */,
				9576AF46224B903300CA7C1B /* WebAuthnRegisterBeginRequest.swift */,
				9576AF48224B9E3200CA7C1B /* WebAuthnRegisterBeginResponse.swift */,
				953407F8224BAB4700BB9A0D /* WebAuthnRegisterFinishRequest.swift */,
				953407FA224BAEFA00BB9A0D /* WebAuthnRegisterFinishResponse.swift */,
				953407FC224CEA8000BB9A0D /* WebAuthnAuthenticateBeginRequest.swift */,
				953407FE224CED8C00BB9A0D /* WebAuthnAuthenticateBeginResponse.swift */,
				95340800224CF3BA00BB9A0D /* WebAuthnAuthenticateFinishRequest.swift */,
				95340802224CFA9100BB9A0D /* WebAuthnAuthenticateFinishResponse.swift */,
			);
			path = Requests;
			sourceTree = "<group>";
		};
		957DE0E52031A36700B53569 /* UI */ = {
			isa = PBXGroup;
			children = (
				95FAFAD1202C483E00121DD5 /* LaunchScreen.storyboard */,
				95FAFACC202C483E00121DD5 /* Main.storyboard */,
				95F767D82033461B00208B88 /* About */,
				95DD40A92099CC5100363FEE /* FIDO2 */,
				95DA54CF21944BA500B60C18 /* Other */,
				957DE0EA2031B4F100B53569 /* OTP */,
				95F767D52033459B00208B88 /* QR */,
				9528AC9220B5670B00513302 /* SharedUI */,
			);
			path = UI;
			sourceTree = "<group>";
		};
		957DE0E62031A6D100B53569 /* Assets */ = {
			isa = PBXGroup;
			children = (
				95885AFA209B42F700828D02 /* NamedColors.swift */,
				95FAFACF202C483E00121DD5 /* Assets.xcassets */,
			);
			path = Assets;
			sourceTree = "<group>";
		};
		957DE0EA2031B4F100B53569 /* OTP */ = {
			isa = PBXGroup;
			children = (
				95CEB9FF2031CF5F00AF0D91 /* Views */,
				95F767D32033439F00208B88 /* OTPDemo.storyboard */,
				95FAFACA202C483E00121DD5 /* OTPScanViewController.swift */,
				95482972218B596600A3D8FA /* OTPUIResponder.swift */,
				95F767E0203455FC00208B88 /* OTPDetailsViewController.swift */,
			);
			path = OTP;
			sourceTree = "<group>";
		};
		95AD1AAE232A336F00FC3313 /* SceneObserver */ = {
			isa = PBXGroup;
			children = (
				95AD1AAF232A339B00FC3313 /* SceneObserver.swift */,
			);
			path = SceneObserver;
			sourceTree = "<group>";
		};
		95AFD4AB22CB584000CDF8D3 /* Extensions */ = {
			isa = PBXGroup;
			children = (
				95AFD4A922CB566500CDF8D3 /* DataExtensions.swift */,
			);
			path = Extensions;
			sourceTree = "<group>";
		};
		95CEB9FF2031CF5F00AF0D91 /* Views */ = {
			isa = PBXGroup;
			children = (
				957DE0EB2031B52D00B53569 /* OTPScanContainerView.swift */,
				95F767CB20331E4D00208B88 /* OTPWaitingScanView.swift */,
				95F767CD20331E6900208B88 /* OTPWaitingScanView.xib */,
				95F767CF203337E900208B88 /* OTPScanResultsView.swift */,
				95F767D12033381700208B88 /* OTPScanResultsView.xib */,
			);
			path = Views;
			sourceTree = "<group>";
		};
		95CEDFC52256065F001E2092 /* Examples */ = {
			isa = PBXGroup;
			children = (
				95CEDFC622560672001E2092 /* Observers */,
				81FA3C41231D52CB009C22AB /* CustomLogger.swift */,
			);
			path = Examples;
			sourceTree = "<group>";
		};
		95CEDFC622560672001E2092 /* Observers */ = {
			isa = PBXGroup;
			children = (
				95A04D1722523336008E3036 /* AccessorySessionObserver.swift */,
				95A04D192252334D008E3036 /* FIDO2ServiceObserver.swift */,
			);
			path = Observers;
			sourceTree = "<group>";
		};
		95DA54CF21944BA500B60C18 /* Other */ = {
			isa = PBXGroup;
			children = (
				95DA54D021944C1000B60C18 /* OtherDemosStoryboard.storyboard */,
				95DA54D2219455DB00B60C18 /* OtherDemosTableViewController.swift */,
				953AB4FF21A43BB700A1823A /* Demos */,
			);
			path = Other;
			sourceTree = "<group>";
		};
		95DD40A92099CC5100363FEE /* FIDO2 */ = {
			isa = PBXGroup;
			children = (
				95885AF1209B1EB300828D02 /* FIDO2Demo.storyboard */,
				95885AF8209B266D00828D02 /* FIDO2ViewController.swift */,
			);
			path = FIDO2;
			sourceTree = "<group>";
		};
		95F767D52033459B00208B88 /* QR */ = {
			isa = PBXGroup;
			children = (
				952C3BFC203C73A90000A115 /* Views */,
				95F767D6203345D400208B88 /* QRDemo.storyboard */,
				95F767DB203347EF00208B88 /* QRScanViewController.swift */,
			);
			path = QR;
			sourceTree = "<group>";
		};
		95F767D82033461B00208B88 /* About */ = {
			isa = PBXGroup;
			children = (
				95F767D92033463900208B88 /* About.storyboard */,
				950A340E203EBA1B005C9754 /* AboutViewController.swift */,
			);
			path = About;
			sourceTree = "<group>";
		};
		95FAFABC202C483E00121DD5 = {
			isa = PBXGroup;
			children = (
				952365EB22F850AD00B8F8AB /* README.md */,
				95C4E87523326B90008582F2 /* YK3_NFCNotes.md */,
				95FAFAC7202C483E00121DD5 /* YubiKitDemo */,
				95FAFAC6202C483E00121DD5 /* Products */,
				956747CE202C48EC00C7B397 /* Frameworks */,
			);
			sourceTree = "<group>";
		};
		95FAFAC6202C483E00121DD5 /* Products */ = {
			isa = PBXGroup;
			children = (
				95FAFAC5202C483E00121DD5 /* YubiKitDemo.app */,
			);
			name = Products;
			sourceTree = "<group>";
		};
		95FAFAC7202C483E00121DD5 /* YubiKitDemo */ = {
			isa = PBXGroup;
			children = (
				95CEBA002031D4D000AF0D91 /* YubiKitDemo.entitlements */,
				95FAFAD4202C483E00121DD5 /* Info.plist */,
				95DBAA042062B5420092286C /* YubiKitDemo-Bridging-Header.h */,
				95FAFAC8202C483E00121DD5 /* AppDelegate.swift */,
				957DE0E52031A36700B53569 /* UI */,
				955DEB372099FA7400259E71 /* Model */,
				957DE0E62031A6D100B53569 /* Assets */,
				95CEDFC52256065F001E2092 /* Examples */,
			);
			path = YubiKitDemo;
			sourceTree = "<group>";
		};
/* End PBXGroup section */

/* Begin PBXNativeTarget section */
		95FAFAC4202C483E00121DD5 /* YubiKitDemo */ = {
			isa = PBXNativeTarget;
			buildConfigurationList = 95FAFAE2202C483E00121DD5 /* Build configuration list for PBXNativeTarget "YubiKitDemo" */;
			buildPhases = (
				95FAFAC1202C483E00121DD5 /* Sources */,
				95FAFAC2202C483E00121DD5 /* Frameworks */,
				95FAFAC3202C483E00121DD5 /* Resources */,
			);
			buildRules = (
			);
			dependencies = (
			);
			name = YubiKitDemo;
			productName = YubiKitDemo;
			productReference = 95FAFAC5202C483E00121DD5 /* YubiKitDemo.app */;
			productType = "com.apple.product-type.application";
		};
/* End PBXNativeTarget section */

/* Begin PBXProject section */
		95FAFABD202C483E00121DD5 /* Project object */ = {
			isa = PBXProject;
			attributes = {
				LastSwiftUpdateCheck = 0920;
				LastUpgradeCheck = 0930;
				ORGANIZATIONNAME = Yubico;
				TargetAttributes = {
					95FAFAC4202C483E00121DD5 = {
						CreatedOnToolsVersion = 9.2;
						LastSwiftMigration = 1020;
						ProvisioningStyle = Automatic;
						SystemCapabilities = {
							com.apple.NearFieldCommunicationTagReading = {
								enabled = 1;
							};
						};
					};
				};
			};
			buildConfigurationList = 95FAFAC0202C483E00121DD5 /* Build configuration list for PBXProject "YubiKitDemo" */;
			compatibilityVersion = "Xcode 8.0";
			developmentRegion = en;
			hasScannedForEncodings = 0;
			knownRegions = (
				en,
				Base,
			);
			mainGroup = 95FAFABC202C483E00121DD5;
			productRefGroup = 95FAFAC6202C483E00121DD5 /* Products */;
			projectDirPath = "";
			projectRoot = "";
			targets = (
				95FAFAC4202C483E00121DD5 /* YubiKitDemo */,
			);
		};
/* End PBXProject section */

/* Begin PBXResourcesBuildPhase section */
		95FAFAC3202C483E00121DD5 /* Resources */ = {
			isa = PBXResourcesBuildPhase;
			buildActionMask = 2147483647;
			files = (
				950A340D203DC564005C9754 /* QRCodeScanNotAvailableView.xib in Resources */,
				95DA54D121944C1000B60C18 /* OtherDemosStoryboard.storyboard in Resources */,
				95885AF2209B1EB300828D02 /* FIDO2Demo.storyboard in Resources */,
				952C3C00203C74150000A115 /* QRCodeScanWaitingView.xib in Resources */,
				95F767D42033439F00208B88 /* OTPDemo.storyboard in Resources */,
				95FAFAD3202C483E00121DD5 /* LaunchScreen.storyboard in Resources */,
				95885AF5209B230C00828D02 /* MFIKeyActionSheetView.xib in Resources */,
				95FAFAD0202C483E00121DD5 /* Assets.xcassets in Resources */,
				95F767CE20331E6900208B88 /* OTPWaitingScanView.xib in Resources */,
				95F767D22033381700208B88 /* OTPScanResultsView.xib in Resources */,
				95F767DA2033463900208B88 /* About.storyboard in Resources */,
				9519A50923279FF00087EE8F /* ProgressHudView.xib in Resources */,
				952C3C08203D75390000A115 /* QRCodeScanResultsView.xib in Resources */,
				95FAFACE202C483E00121DD5 /* Main.storyboard in Resources */,
				95F767D7203345D400208B88 /* QRDemo.storyboard in Resources */,
			);
			runOnlyForDeploymentPostprocessing = 0;
		};
/* End PBXResourcesBuildPhase section */

/* Begin PBXSourcesBuildPhase section */
		95FAFAC1202C483E00121DD5 /* Sources */ = {
			isa = PBXSourcesBuildPhase;
			buildActionMask = 2147483647;
			files = (
				95DA54D52194601500B60C18 /* PCSCDemoViewController.swift in Sources */,
				953AB50121A44F0100A1823A /* RawDemoResponseParser.swift in Sources */,
				9576AF3B224AA59600CA7C1B /* WebAuthnUserRequest.swift in Sources */,
				955355612203153000D633F3 /* FIDO2DemoViewController.swift in Sources */,
				952C3C06203D751C0000A115 /* QRCodeScanResultsView.swift in Sources */,
				9576AF3D224AAE4C00CA7C1B /* WebAuthnCreateUserResponse.swift in Sources */,
				95885AFB209B42F700828D02 /* NamedColors.swift in Sources */,
				95A04D1822523336008E3036 /* AccessorySessionObserver.swift in Sources */,
				957DE0EC2031B52D00B53569 /* OTPScanContainerView.swift in Sources */,
				95885AF9209B266D00828D02 /* FIDO2ViewController.swift in Sources */,
				951208FC2243C44B0037475A /* FIDO2PinInputController.swift in Sources */,
				9528AC9420B5685E00513302 /* UIViewAdditions.swift in Sources */,
				950A340F203EBA1B005C9754 /* AboutViewController.swift in Sources */,
				95FAFACB202C483E00121DD5 /* OTPScanViewController.swift in Sources */,
				95F767E2203455FC00208B88 /* OTPDetailsViewController.swift in Sources */,
				81FA3C42231D52CB009C22AB /* CustomLogger.swift in Sources */,
				952C3BFE203C73FB0000A115 /* QRCodeScanWaitingView.swift in Sources */,
				953AB4FE21A4107900A1823A /* RawCommandServiceDemoViewController.swift in Sources */,
				95DF4A972199B5D10025A152 /* DemoCustomTabBar.swift in Sources */,
				95340809224E3D9E00BB9A0D /* WebAuthnResponse.swift in Sources */,
				9519A50823279FF00087EE8F /* ProgressHudView.swift in Sources */,
				95A04D1A2252334D008E3036 /* FIDO2ServiceObserver.swift in Sources */,
				95F767DC203347EF00208B88 /* QRScanViewController.swift in Sources */,
				951459B020BED84B00E6757A /* ApplicationUIAppearance.swift in Sources */,
				9576AF3F224AAF1E00CA7C1B /* WebAuthnService.swift in Sources */,
				953AB50321A4519400A1823A /* RawDemoSecCertificate.swift in Sources */,
				953407F6224BA61E00BB9A0D /* WebAuthnRegisterBeginRequest.swift in Sources */,
				95C70DDF224A2FE70024E220 /* U2FDemoViewController.swift in Sources */,
				952AF236203ACD1E004C2FDB /* RootViewController.swift in Sources */,
				95FAFAC9202C483E00121DD5 /* AppDelegate.swift in Sources */,
				95340801224CF3BA00BB9A0D /* WebAuthnAuthenticateFinishRequest.swift in Sources */,
				95885AF7209B265000828D02 /* MFIKeyActionSheetView.swift in Sources */,
				953407FB224BAEFA00BB9A0D /* WebAuthnRegisterFinishResponse.swift in Sources */,
				9526E3CC21AFEE480003DAB8 /* MFIKeyInteractionViewController.swift in Sources */,
				955DEB3B2099FB4C00259E71 /* WebServiceError.swift in Sources */,
				950A340B203DC54E005C9754 /* QRCodeScanNotAvailableView.swift in Sources */,
				95482973218B596600A3D8FA /* OTPUIResponder.swift in Sources */,
				95AD1AB0232A339B00FC3313 /* SceneObserver.swift in Sources */,
				952C3C02203D64F60000A115 /* QRCodeScanContainerView.swift in Sources */,
				95EAD56B220872EE00CD7C18 /* OtherDemoRootViewController.swift in Sources */,
				953407F9224BAB4700BB9A0D /* WebAuthnRegisterFinishRequest.swift in Sources */,
				95340807224E0F2A00BB9A0D /* WebAuthnRequest.swift in Sources */,
				95F767D0203337E900208B88 /* OTPScanResultsView.swift in Sources */,
				95F767CC20331E4D00208B88 /* OTPWaitingScanView.swift in Sources */,
				95AFD4AA22CB566500CDF8D3 /* DataExtensions.swift in Sources */,
				95340803224CFA9100BB9A0D /* WebAuthnAuthenticateFinishResponse.swift in Sources */,
				953407FF224CED8C00BB9A0D /* WebAuthnAuthenticateBeginResponse.swift in Sources */,
				953407F7224BA64100BB9A0D /* WebAuthnRegisterBeginResponse.swift in Sources */,
				953407FD224CEA8000BB9A0D /* WebAuthnAuthenticateBeginRequest.swift in Sources */,
				9576AF43224B802100CA7C1B /* WebAuthnLoginUserResponse.swift in Sources */,
				95DA54D3219455DB00B60C18 /* OtherDemosTableViewController.swift in Sources */,
			);
			runOnlyForDeploymentPostprocessing = 0;
		};
/* End PBXSourcesBuildPhase section */

/* Begin PBXVariantGroup section */
		95FAFACC202C483E00121DD5 /* Main.storyboard */ = {
			isa = PBXVariantGroup;
			children = (
				95FAFACD202C483E00121DD5 /* Base */,
			);
			name = Main.storyboard;
			sourceTree = "<group>";
		};
		95FAFAD1202C483E00121DD5 /* LaunchScreen.storyboard */ = {
			isa = PBXVariantGroup;
			children = (
				95FAFAD2202C483E00121DD5 /* Base */,
			);
			name = LaunchScreen.storyboard;
			sourceTree = "<group>";
		};
/* End PBXVariantGroup section */

/* Begin XCBuildConfiguration section */
		95FAFAE0202C483E00121DD5 /* Debug */ = {
			isa = XCBuildConfiguration;
			buildSettings = {
				ALWAYS_SEARCH_USER_PATHS = NO;
				CLANG_ANALYZER_NONNULL = YES;
				CLANG_ANALYZER_NUMBER_OBJECT_CONVERSION = YES_AGGRESSIVE;
				CLANG_CXX_LANGUAGE_STANDARD = "gnu++14";
				CLANG_CXX_LIBRARY = "libc++";
				CLANG_ENABLE_MODULES = YES;
				CLANG_ENABLE_OBJC_ARC = YES;
				CLANG_WARN_BLOCK_CAPTURE_AUTORELEASING = YES;
				CLANG_WARN_BOOL_CONVERSION = YES;
				CLANG_WARN_COMMA = YES;
				CLANG_WARN_CONSTANT_CONVERSION = YES;
				CLANG_WARN_DEPRECATED_OBJC_IMPLEMENTATIONS = YES;
				CLANG_WARN_DIRECT_OBJC_ISA_USAGE = YES_ERROR;
				CLANG_WARN_DOCUMENTATION_COMMENTS = YES;
				CLANG_WARN_EMPTY_BODY = YES;
				CLANG_WARN_ENUM_CONVERSION = YES;
				CLANG_WARN_INFINITE_RECURSION = YES;
				CLANG_WARN_INT_CONVERSION = YES;
				CLANG_WARN_NON_LITERAL_NULL_CONVERSION = YES;
				CLANG_WARN_OBJC_IMPLICIT_RETAIN_SELF = YES;
				CLANG_WARN_OBJC_LITERAL_CONVERSION = YES;
				CLANG_WARN_OBJC_ROOT_CLASS = YES_ERROR;
				CLANG_WARN_RANGE_LOOP_ANALYSIS = YES;
				CLANG_WARN_STRICT_PROTOTYPES = YES;
				CLANG_WARN_SUSPICIOUS_MOVE = YES;
				CLANG_WARN_UNGUARDED_AVAILABILITY = YES_AGGRESSIVE;
				CLANG_WARN_UNREACHABLE_CODE = YES;
				CLANG_WARN__DUPLICATE_METHOD_MATCH = YES;
				CODE_SIGN_IDENTITY = "iPhone Developer";
				COPY_PHASE_STRIP = NO;
				DEBUG_INFORMATION_FORMAT = dwarf;
				ENABLE_STRICT_OBJC_MSGSEND = YES;
				ENABLE_TESTABILITY = YES;
				GCC_C_LANGUAGE_STANDARD = gnu11;
				GCC_DYNAMIC_NO_PIC = NO;
				GCC_NO_COMMON_BLOCKS = YES;
				GCC_OPTIMIZATION_LEVEL = 0;
				GCC_PREPROCESSOR_DEFINITIONS = (
					"DEBUG=1",
					"$(inherited)",
				);
				GCC_WARN_64_TO_32_BIT_CONVERSION = YES;
				GCC_WARN_ABOUT_RETURN_TYPE = YES_ERROR;
				GCC_WARN_UNDECLARED_SELECTOR = YES;
				GCC_WARN_UNINITIALIZED_AUTOS = YES_AGGRESSIVE;
				GCC_WARN_UNUSED_FUNCTION = YES;
				GCC_WARN_UNUSED_VARIABLE = YES;
				IPHONEOS_DEPLOYMENT_TARGET = 11.2;
				MTL_ENABLE_DEBUG_INFO = YES;
				ONLY_ACTIVE_ARCH = YES;
				OTHER_LDFLAGS = "-ObjC";
				SDKROOT = iphoneos;
				SWIFT_ACTIVE_COMPILATION_CONDITIONS = DEBUG;
				SWIFT_OPTIMIZATION_LEVEL = "-Onone";
			};
			name = Debug;
		};
		95FAFAE1202C483E00121DD5 /* Release */ = {
			isa = XCBuildConfiguration;
			buildSettings = {
				ALWAYS_SEARCH_USER_PATHS = NO;
				CLANG_ANALYZER_NONNULL = YES;
				CLANG_ANALYZER_NUMBER_OBJECT_CONVERSION = YES_AGGRESSIVE;
				CLANG_CXX_LANGUAGE_STANDARD = "gnu++14";
				CLANG_CXX_LIBRARY = "libc++";
				CLANG_ENABLE_MODULES = YES;
				CLANG_ENABLE_OBJC_ARC = YES;
				CLANG_WARN_BLOCK_CAPTURE_AUTORELEASING = YES;
				CLANG_WARN_BOOL_CONVERSION = YES;
				CLANG_WARN_COMMA = YES;
				CLANG_WARN_CONSTANT_CONVERSION = YES;
				CLANG_WARN_DEPRECATED_OBJC_IMPLEMENTATIONS = YES;
				CLANG_WARN_DIRECT_OBJC_ISA_USAGE = YES_ERROR;
				CLANG_WARN_DOCUMENTATION_COMMENTS = YES;
				CLANG_WARN_EMPTY_BODY = YES;
				CLANG_WARN_ENUM_CONVERSION = YES;
				CLANG_WARN_INFINITE_RECURSION = YES;
				CLANG_WARN_INT_CONVERSION = YES;
				CLANG_WARN_NON_LITERAL_NULL_CONVERSION = YES;
				CLANG_WARN_OBJC_IMPLICIT_RETAIN_SELF = YES;
				CLANG_WARN_OBJC_LITERAL_CONVERSION = YES;
				CLANG_WARN_OBJC_ROOT_CLASS = YES_ERROR;
				CLANG_WARN_RANGE_LOOP_ANALYSIS = YES;
				CLANG_WARN_STRICT_PROTOTYPES = YES;
				CLANG_WARN_SUSPICIOUS_MOVE = YES;
				CLANG_WARN_UNGUARDED_AVAILABILITY = YES_AGGRESSIVE;
				CLANG_WARN_UNREACHABLE_CODE = YES;
				CLANG_WARN__DUPLICATE_METHOD_MATCH = YES;
				CODE_SIGN_IDENTITY = "iPhone Developer";
				COPY_PHASE_STRIP = NO;
				DEBUG_INFORMATION_FORMAT = "dwarf-with-dsym";
				ENABLE_NS_ASSERTIONS = NO;
				ENABLE_STRICT_OBJC_MSGSEND = YES;
				GCC_C_LANGUAGE_STANDARD = gnu11;
				GCC_NO_COMMON_BLOCKS = YES;
				GCC_WARN_64_TO_32_BIT_CONVERSION = YES;
				GCC_WARN_ABOUT_RETURN_TYPE = YES_ERROR;
				GCC_WARN_UNDECLARED_SELECTOR = YES;
				GCC_WARN_UNINITIALIZED_AUTOS = YES_AGGRESSIVE;
				GCC_WARN_UNUSED_FUNCTION = YES;
				GCC_WARN_UNUSED_VARIABLE = YES;
				IPHONEOS_DEPLOYMENT_TARGET = 11.2;
				MTL_ENABLE_DEBUG_INFO = NO;
				OTHER_LDFLAGS = "-ObjC";
				SDKROOT = iphoneos;
				SWIFT_OPTIMIZATION_LEVEL = "-Owholemodule";
				VALIDATE_PRODUCT = YES;
			};
			name = Release;
		};
		95FAFAE3202C483E00121DD5 /* Debug */ = {
			isa = XCBuildConfiguration;
			buildSettings = {
				ASSETCATALOG_COMPILER_APPICON_NAME = AppIcon;
				CLANG_ENABLE_MODULES = YES;
				CODE_SIGN_ENTITLEMENTS = YubiKitDemo/YubiKitDemo.entitlements;
				CODE_SIGN_STYLE = Automatic;
				DEVELOPMENT_TEAM = LQA3CS5MM7;
				HEADER_SEARCH_PATHS = "../YubiKit/**";
				INFOPLIST_FILE = YubiKitDemo/Info.plist;
				IPHONEOS_DEPLOYMENT_TARGET = 11.0;
				LD_RUNPATH_SEARCH_PATHS = "$(inherited) @executable_path/Frameworks";
				PRODUCT_BUNDLE_IDENTIFIER = com.yubico.YubiKitDemoApp;
				PRODUCT_NAME = "$(TARGET_NAME)";
				SWIFT_OBJC_BRIDGING_HEADER = "YubiKitDemo-Bridging-Header.h";
				SWIFT_OPTIMIZATION_LEVEL = "-Onone";
				SWIFT_VERSION = 5.0;
				TARGETED_DEVICE_FAMILY = "1,2";
			};
			name = Debug;
		};
		95FAFAE4202C483E00121DD5 /* Release */ = {
			isa = XCBuildConfiguration;
			buildSettings = {
				ASSETCATALOG_COMPILER_APPICON_NAME = AppIcon;
				CLANG_ENABLE_MODULES = YES;
				CODE_SIGN_ENTITLEMENTS = YubiKitDemo/YubiKitDemo.entitlements;
				CODE_SIGN_STYLE = Automatic;
				DEVELOPMENT_TEAM = LQA3CS5MM7;
				HEADER_SEARCH_PATHS = "../YubiKit/**";
				INFOPLIST_FILE = YubiKitDemo/Info.plist;
				IPHONEOS_DEPLOYMENT_TARGET = 11.0;
				LD_RUNPATH_SEARCH_PATHS = "$(inherited) @executable_path/Frameworks";
				PRODUCT_BUNDLE_IDENTIFIER = com.yubico.YubiKitDemoApp;
				PRODUCT_NAME = "$(TARGET_NAME)";
				SWIFT_OBJC_BRIDGING_HEADER = "YubiKitDemo-Bridging-Header.h";
				SWIFT_VERSION = 5.0;
				TARGETED_DEVICE_FAMILY = "1,2";
			};
			name = Release;
		};
/* End XCBuildConfiguration section */

/* Begin XCConfigurationList section */
		95FAFAC0202C483E00121DD5 /* Build configuration list for PBXProject "YubiKitDemo" */ = {
			isa = XCConfigurationList;
			buildConfigurations = (
				95FAFAE0202C483E00121DD5 /* Debug */,
				95FAFAE1202C483E00121DD5 /* Release */,
			);
			defaultConfigurationIsVisible = 0;
			defaultConfigurationName = Release;
		};
		95FAFAE2202C483E00121DD5 /* Build configuration list for PBXNativeTarget "YubiKitDemo" */ = {
			isa = XCConfigurationList;
			buildConfigurations = (
				95FAFAE3202C483E00121DD5 /* Debug */,
				95FAFAE4202C483E00121DD5 /* Release */,
			);
			defaultConfigurationIsVisible = 0;
			defaultConfigurationName = Release;
		};
/* End XCConfigurationList section */
	};
	rootObject = 95FAFABD202C483E00121DD5 /* Project object */;
}
